
Microsoft Visual Studio Solution File, Format Version 11.00
# Visual Studio 2010
Project("{2150E333-8FDC-42A3-9474-1A3956D46DE8}") = "DataBases", "DataBases", "{71E00B3B-28A2-4936-A820-A75EEF0D1ACC}"
EndProject
Project("{C8D11400-126E-41CD-887F-60BD40844F9E}") = "SJPConfiguration", "Databases\SJPConfiguration\SJPConfiguration.dbproj", "{67CBC824-A49E-4E9B-A947-360F3DFE65C3}"
EndProject
Project("{FAE04EC0-301F-11D3-BF4B-00C04F79EFBC}") = "DatabaseInfrastructure", "DatabaseInfrastructure\DatabaseInfrastructure.csproj", "{ECA839BB-B752-49F6-9D60-69F20CC5BBA4}"
EndProject
Project("{FAE04EC0-301F-11D3-BF4B-00C04F79EFBC}") = "PropertyManager", "PropertyManager\PropertyManager.csproj", "{E3CBE746-9620-4433-9D53-6C334C9BBB7E}"
EndProject
Project("{FAE04EC0-301F-11D3-BF4B-00C04F79EFBC}") = "Common", "Common\Common.csproj", "{2EF9DD6E-4BA7-46BF-84CB-7509A5099F44}"
EndProject
Project("{FAE04EC0-301F-11D3-BF4B-00C04F79EFBC}") = "EventLogging", "EventLogging\EventLogging.csproj", "{4AED788E-EA9A-4C3F-BB8D-07A7F1FBE8AA}"
EndProject
Project("{FAE04EC0-301F-11D3-BF4B-00C04F79EFBC}") = "PropertyProviders", "PropertyProviders\PropertyProviders.csproj", "{14ED9C55-9007-4689-8142-83B80CDCF6A9}"
EndProject
Project("{FAE04EC0-301F-11D3-BF4B-00C04F79EFBC}") = "Extenders", "Extenders\Extenders.csproj", "{F82632FB-A7EB-4121-B4C9-338450D024AF}"
EndProject
Project("{FAE04EC0-301F-11D3-BF4B-00C04F79EFBC}") = "ServiceDiscovery", "ServiceDiscovery\ServiceDiscovery.csproj", "{81877B7C-61F6-46C5-B212-861065CD538F}"
EndProject
Project("{2150E333-8FDC-42A3-9474-1A3956D46DE8}") = "Solution Items", "Solution Items", "{EA687F78-B075-43F9-84F4-E685CE67215A}"
	ProjectSection(SolutionItems) = preProject
		Local.testsettings = Local.testsettings
		..\..\SiteConfidenceStatus.xml = ..\..\SiteConfidenceStatus.xml
		SJP.vsmdi = SJP.vsmdi
		TraceAndTestImpact.testsettings = TraceAndTestImpact.testsettings
	EndProjectSection
EndProject
Project("{FAE04EC0-301F-11D3-BF4B-00C04F79EFBC}") = "TestProject", "TestProject\TestProject.csproj", "{8F70D1C0-9DAD-4857-B26C-AEE5ECC8E867}"
EndProject
Project("{FAE04EC0-301F-11D3-BF4B-00C04F79EFBC}") = "LocationService", "LocationService\LocationService.csproj", "{D6BCFB92-FFF1-4BE9-9B95-8A7063258597}"
EndProject
Project("{C8D11400-126E-41CD-887F-60BD40844F9E}") = "SJPGazetteer", "DataBases\SJPGazetteer\SJPGazetteer.dbproj", "{A27682BA-20DF-45CA-A5F3-8312813F6AF7}"
EndProject
Project("{C8D11400-126E-41CD-887F-60BD40844F9E}") = "SJPTransientPortal", "DataBases\SJPTransientPortal\SJPTransientPortal.dbproj", "{B3C1B568-5AD2-4E08-9F3F-B5404B43AE42}"
EndProject
Project("{FAE04EC0-301F-11D3-BF4B-00C04F79EFBC}") = "LocationJsGenerator", "LocationJsGenerator\LocationJsGenerator.csproj", "{1807A189-3F0B-449E-A8B9-6DD81BB379F6}"
EndProject
Project("{FAE04EC0-301F-11D3-BF4B-00C04F79EFBC}") = "SJPWeb", "SJPWeb\SJPWeb.csproj", "{F0ED93C9-BC53-4EFB-BCF2-371C51D57523}"
EndProject
Project("{FAE04EC0-301F-11D3-BF4B-00C04F79EFBC}") = "Initialisation", "Initialisation\Initialisation.csproj", "{9CE678F8-33FE-4822-A596-4C3FA802C64F}"
EndProject
Project("{C8D11400-126E-41CD-887F-60BD40844F9E}") = "SJPServerDatabase", "DataBases\SJPServerDatabase\SJPServerDatabase.dbproj", "{A3A80826-066D-4519-9D2A-C00E01243E6E}"
EndProject
Project("{FAE04EC0-301F-11D3-BF4B-00C04F79EFBC}") = "SessionManager", "SessionManager\SessionManager.csproj", "{0E99A5BE-AAB2-4E72-80D9-D1A657553922}"
EndProject
Project("{C8D11400-126E-41CD-887F-60BD40844F9E}") = "SJPContent", "Databases\SJPContent\SJPContent.dbproj", "{3CD3DD00-0645-4A75-8327-223928FC38E8}"
EndProject
Project("{FAE04EC0-301F-11D3-BF4B-00C04F79EFBC}") = "ResourceManager", "ResourceManager\ResourceManager.csproj", "{2E16E3F2-5AE8-450E-9953-177FAB41554C}"
EndProject
Project("{FAE04EC0-301F-11D3-BF4B-00C04F79EFBC}") = "StateServer", "StateServer\StateServer.csproj", "{55A13C46-7CAD-4084-BB1E-47C4ECACCDB7}"
EndProject
Project("{FAE04EC0-301F-11D3-BF4B-00C04F79EFBC}") = "ScreenFlow", "ScreenFlow\ScreenFlow.csproj", "{4D570070-A1E5-434B-81AA-CEA52294DA59}"
EndProject
Project("{FAE04EC0-301F-11D3-BF4B-00C04F79EFBC}") = "Retail", "Retail\Retail.csproj", "{5A992265-3A04-422C-872E-2C66A55A0D86}"
EndProject
Project("{FAE04EC0-301F-11D3-BF4B-00C04F79EFBC}") = "JourneyControl", "JourneyControl\JourneyControl.csproj", "{3A2EB34A-A197-4426-AC2A-2CA4FDC38610}"
EndProject
Project("{FAE04EC0-301F-11D3-BF4B-00C04F79EFBC}") = "CyclePlannerService", "CyclePlannerService\CyclePlannerService.csproj", "{5B98B72A-C603-4F55-9ACD-34B606AF2107}"
EndProject
Project("{FAE04EC0-301F-11D3-BF4B-00C04F79EFBC}") = "CoordinateConvertorService", "SJPWebServices\CoordinateConvertorService\CoordinateConvertorService.csproj", "{93F2EFB5-C38A-4B58-A4A4-F68F581DF7CB}"
EndProject
Project("{2150E333-8FDC-42A3-9474-1A3956D46DE8}") = "SJPWebServices", "SJPWebServices", "{4E383902-F12F-4CD6-B357-1FDFB189A010}"
EndProject
Project("{FAE04EC0-301F-11D3-BF4B-00C04F79EFBC}") = "CoordinateConvertorProvider", "CoordinateConvertorProvider\CoordinateConvertorProvider.csproj", "{C648ACE3-40CC-41FE-9B52-0ACF9C3BE5BC}"
EndProject
Project("{FAE04EC0-301F-11D3-BF4B-00C04F79EFBC}") = "JourneyPlanRunner", "JourneyPlanRunner\JourneyPlanRunner.csproj", "{5F677F32-02CA-4462-A99E-162FD5266F18}"
EndProject
Project("{FAE04EC0-301F-11D3-BF4B-00C04F79EFBC}") = "DataServices", "DataServices\DataServices.csproj", "{348204EC-DDF7-4735-8DA0-341F206CCCD9}"
EndProject
Project("{2150E333-8FDC-42A3-9474-1A3956D46DE8}") = "CommandAndControl", "CommandAndControl", "{CBE60C81-9B98-4D58-A5C8-8C825786AAB2}"
EndProject
Project("{FAE04EC0-301F-11D3-BF4B-00C04F79EFBC}") = "CommandAndControlAgentService", "CommandAndControl\CommandAndControlAgentService\CommandAndControlAgentService.csproj", "{6E4B9146-D44D-47B0-A9CA-82381D7E44E6}"
EndProject
Project("{2150E333-8FDC-42A3-9474-1A3956D46DE8}") = "BatchFiles", "BatchFiles", "{3FABC032-056D-46DD-A89D-C496B8FC3596}"
	ProjectSection(SolutionItems) = preProject
		CommandAndControl\BatchFiles\DeleteOldFiles.vbs = CommandAndControl\BatchFiles\DeleteOldFiles.vbs
		CommandAndControl\BatchFiles\InstallCCAgent.bat = CommandAndControl\BatchFiles\InstallCCAgent.bat
		CommandAndControl\BatchFiles\SetupScheduledTasks.bat = CommandAndControl\BatchFiles\SetupScheduledTasks.bat
		CommandAndControl\BatchFiles\UninstallCCAgent.bat = CommandAndControl\BatchFiles\UninstallCCAgent.bat
	EndProjectSection
EndProject
Project("{2150E333-8FDC-42A3-9474-1A3956D46DE8}") = "ScheduledTasks", "ScheduledTasks", "{5E3130AD-56FE-4936-B21D-DFF70EF48960}"
	ProjectSection(SolutionItems) = preProject
		CommandAndControl\BatchFiles\ScheduledTasks\HousekeepOldFiles-D-DPortal-Batchfiles_90days.xml = CommandAndControl\BatchFiles\ScheduledTasks\HousekeepOldFiles-D-DPortal-Batchfiles_90days.xml
		CommandAndControl\BatchFiles\ScheduledTasks\HousekeepOldFiles-D-DPortal_90days.xml = CommandAndControl\BatchFiles\ScheduledTasks\HousekeepOldFiles-D-DPortal_90days.xml
		CommandAndControl\BatchFiles\ScheduledTasks\HousekeepOldFiles-D-info-logs-LogFiles-W3SVC1_90days.xml = CommandAndControl\BatchFiles\ScheduledTasks\HousekeepOldFiles-D-info-logs-LogFiles-W3SVC1_90days.xml
		CommandAndControl\BatchFiles\ScheduledTasks\HousekeepOldFiles-D-TransportDirect-Logs_90days.xml = CommandAndControl\BatchFiles\ScheduledTasks\HousekeepOldFiles-D-TransportDirect-Logs_90days.xml
	EndProjectSection
EndProject
Project("{FAE04EC0-301F-11D3-BF4B-00C04F79EFBC}") = "HashGenerator", "CommandAndControl\HashGenerator\HashGenerator.csproj", "{66D44518-5380-4621-AA03-E95DBC0FD17E}"
EndProject
Project("{FAE04EC0-301F-11D3-BF4B-00C04F79EFBC}") = "HashValidator", "CommandAndControl\HashValidator\HashValidator.csproj", "{E77D2C1D-4109-4DE2-A975-D16CD8CFE321}"
EndProject
Project("{FAE04EC0-301F-11D3-BF4B-00C04F79EFBC}") = "ChecksumUtils", "CommandAndControl\ChecksumUtils\ChecksumUtils.csproj", "{A44D6C6D-4331-4D1B-BB59-7CB532A0C4AD}"
EndProject
Project("{FAE04EC0-301F-11D3-BF4B-00C04F79EFBC}") = "SJPDashboard", "CommandAndControl\SJPDashboard\SJPDashboard.csproj", "{FF72ADBF-A2A2-4DF5-8C0B-2C76A9E43702}"
EndProject
Project("{C8D11400-126E-41CD-887F-60BD40844F9E}") = "CommandAndControl", "DataBases\CommandAndControl\CommandAndControl.dbproj", "{4C44C586-793D-40FE-8758-ED302EC3A4AB}"
EndProject
Project("{2150E333-8FDC-42A3-9474-1A3956D46DE8}") = "Reporting", "Reporting", "{D32F4122-8FE7-4B4F-AE00-5F65150BA82F}"
EndProject
Project("{FAE04EC0-301F-11D3-BF4B-00C04F79EFBC}") = "Events", "Reporting\Events\Events.csproj", "{280E29DE-E83B-4F66-A06C-EAACF5CFA35F}"
EndProject
Project("{FAE04EC0-301F-11D3-BF4B-00C04F79EFBC}") = "EventPublishers", "Reporting\EventPublishers\EventPublishers.csproj", "{39AF0D89-8315-4E6A-8287-A21CBC9C4CD6}"
EndProject
Project("{C8D11400-126E-41CD-887F-60BD40844F9E}") = "SJPReportStaging", "DataBases\SJPReportStaging\SJPReportStaging.dbproj", "{8B02E288-C53A-42AB-A1AD-A442B0D0E0D9}"
EndProject
Project("{FAE04EC0-301F-11D3-BF4B-00C04F79EFBC}") = "EventReceiver", "Reporting\EventReceiver\EventReceiver.csproj", "{A501AEFB-6BA7-47AC-8384-C2BD54C66B5F}"
EndProject
Project("{FAE04EC0-301F-11D3-BF4B-00C04F79EFBC}") = "WebLogReader", "Reporting\WebLogReader\WebLogReader.csproj", "{E255433E-B063-4705-81BA-2CDE9DDF353B}"
EndProject
Project("{C8D11400-126E-41CD-887F-60BD40844F9E}") = "PermanentPortal", "Databases\PermanentPortal\PermanentPortal.dbproj", "{871DD08B-3033-4E06-B84A-F460CA931CB0}"
EndProject
Project("{FAE04EC0-301F-11D3-BF4B-00C04F79EFBC}") = "DataImporters", "DataImporters\DataImporters.csproj", "{0B4A45BB-262C-4E18-830A-0EA8B6B58FB9}"
EndProject
Project("{FAE04EC0-301F-11D3-BF4B-00C04F79EFBC}") = "TravelNews", "TravelNews\TravelNews.csproj", "{BC7DF30A-3F39-402E-9B06-C9AE1E0537F4}"
EndProject
Project("{C8D11400-126E-41CD-887F-60BD40844F9E}") = "AirInterchange", "Databases\AirInterchange\AirInterchange.dbproj", "{7AF9C954-7619-46A5-AB43-7F724FB9ACF8}"
EndProject
Project("{FAE04EC0-301F-11D3-BF4B-00C04F79EFBC}") = "CommonWeb", "CommonWeb\CommonWeb.csproj", "{D1182D81-3E17-441B-82E7-97AEBF9B8879}"
EndProject
Project("{FAE04EC0-301F-11D3-BF4B-00C04F79EFBC}") = "SJPMobile", "SJPMobile\SJPMobile.csproj", "{6C250826-A52A-4B4D-97CF-070D4E91C29F}"
EndProject
Project("{FAE04EC0-301F-11D3-BF4B-00C04F79EFBC}") = "DataLoader", "DataLoader\DataLoader.csproj", "{D8B84EA1-5BF1-4B8F-B1C6-39269F0A4751}"
EndProject
Project("{FAE04EC0-301F-11D3-BF4B-00C04F79EFBC}") = "UndergroundNews", "UndergroundNews\UndergroundNews.csproj", "{F6557D20-5328-48AB-BB0B-428A56E1AC6E}"
EndProject
Project("{FAE04EC0-301F-11D3-BF4B-00C04F79EFBC}") = "VenueIncidents", "VenueIncidents\VenueIncidents.csproj", "{A74ACAF0-5C62-49F6-BAF2-C78595F1395F}"
EndProject
Global
	GlobalSection(TeamFoundationVersionControl) = preSolution
		SccNumberOfProjects = 49
		SccEnterpriseProvider = {4CA58AB2-18FA-4F8D-95D4-32DDF27D184C}
		SccTeamFoundationServer = http://devtfs:8080/tfs/tdportalprojects
		SccLocalPath0 = .
		SccProjectUniqueName1 = Databases\\SJPConfiguration\\SJPConfiguration.dbproj
		SccProjectTopLevelParentUniqueName1 = SJP.sln
		SccProjectName1 = Databases/SJPConfiguration
		SccLocalPath1 = Databases\\SJPConfiguration
		SccProjectUniqueName2 = DatabaseInfrastructure\\DatabaseInfrastructure.csproj
		SccProjectName2 = DatabaseInfrastructure
		SccLocalPath2 = DatabaseInfrastructure
		SccProjectUniqueName3 = PropertyManager\\PropertyManager.csproj
		SccProjectName3 = PropertyManager
		SccLocalPath3 = PropertyManager
		SccProjectUniqueName4 = Common\\Common.csproj
		SccProjectName4 = Common
		SccLocalPath4 = Common
		SccProjectUniqueName5 = EventLogging\\EventLogging.csproj
		SccProjectName5 = EventLogging
		SccLocalPath5 = EventLogging
		SccProjectUniqueName6 = PropertyProviders\\PropertyProviders.csproj
		SccProjectName6 = PropertyProviders
		SccLocalPath6 = PropertyProviders
		SccProjectUniqueName7 = Extenders\\Extenders.csproj
		SccProjectName7 = Extenders
		SccLocalPath7 = Extenders
		SccProjectUniqueName8 = ServiceDiscovery\\ServiceDiscovery.csproj
		SccProjectName8 = ServiceDiscovery
		SccLocalPath8 = ServiceDiscovery
		SccProjectUniqueName9 = TestProject\\TestProject.csproj
		SccProjectName9 = TestProject
		SccLocalPath9 = TestProject
		SccProjectUniqueName10 = LocationService\\LocationService.csproj
		SccProjectName10 = LocationService
		SccLocalPath10 = LocationService
		SccProjectUniqueName11 = DataBases\\SJPGazetteer\\SJPGazetteer.dbproj
		SccProjectTopLevelParentUniqueName11 = SJP.sln
		SccProjectName11 = DataBases/SJPGazetteer
		SccLocalPath11 = DataBases\\SJPGazetteer
		SccProjectUniqueName12 = DataBases\\SJPTransientPortal\\SJPTransientPortal.dbproj
		SccProjectTopLevelParentUniqueName12 = SJP.sln
		SccProjectName12 = DataBases/SJPTransientPortal
		SccLocalPath12 = DataBases\\SJPTransientPortal
		SccProjectUniqueName13 = LocationJsGenerator\\LocationJsGenerator.csproj
		SccProjectName13 = LocationJsGenerator
		SccLocalPath13 = LocationJsGenerator
		SccProjectUniqueName14 = SJPWeb\\SJPWeb.csproj
		SccProjectName14 = SJPWeb
		SccLocalPath14 = SJPWeb
		SccProjectUniqueName15 = Initialisation\\Initialisation.csproj
		SccProjectName15 = Initialisation
		SccLocalPath15 = Initialisation
		SccProjectUniqueName16 = DataBases\\SJPServerDatabase\\SJPServerDatabase.dbproj
		SccProjectTopLevelParentUniqueName16 = SJP.sln
		SccProjectName16 = DataBases/SJPServerDatabase
		SccLocalPath16 = DataBases\\SJPServerDatabase
		SccProjectUniqueName17 = SessionManager\\SessionManager.csproj
		SccProjectName17 = SessionManager
		SccLocalPath17 = SessionManager
		SccProjectUniqueName18 = Databases\\SJPContent\\SJPContent.dbproj
		SccProjectTopLevelParentUniqueName18 = SJP.sln
		SccProjectName18 = Databases/SJPContent
		SccLocalPath18 = Databases\\SJPContent
		SccProjectUniqueName19 = ResourceManager\\ResourceManager.csproj
		SccProjectName19 = ResourceManager
		SccLocalPath19 = ResourceManager
		SccProjectUniqueName20 = StateServer\\StateServer.csproj
		SccProjectName20 = StateServer
		SccLocalPath20 = StateServer
		SccProjectUniqueName21 = ScreenFlow\\ScreenFlow.csproj
		SccProjectName21 = ScreenFlow
		SccLocalPath21 = ScreenFlow
		SccProjectUniqueName22 = Retail\\Retail.csproj
		SccProjectName22 = Retail
		SccLocalPath22 = Retail
		SccProjectUniqueName23 = JourneyControl\\JourneyControl.csproj
		SccProjectName23 = JourneyControl
		SccLocalPath23 = JourneyControl
		SccProjectUniqueName24 = CyclePlannerService\\CyclePlannerService.csproj
		SccProjectName24 = CyclePlannerService
		SccLocalPath24 = CyclePlannerService
		SccProjectUniqueName25 = CoordinateConvertorProvider\\CoordinateConvertorProvider.csproj
		SccProjectName25 = CoordinateConvertorProvider
		SccLocalPath25 = CoordinateConvertorProvider
		SccProjectUniqueName26 = SJPWebServices\\CoordinateConvertorService\\CoordinateConvertorService.csproj
		SccProjectTopLevelParentUniqueName26 = SJP.sln
		SccProjectName26 = SJPWebServices/CoordinateConvertorService
		SccLocalPath26 = SJPWebServices\\CoordinateConvertorService
		SccProjectUniqueName27 = JourneyPlanRunner\\JourneyPlanRunner.csproj
		SccProjectName27 = JourneyPlanRunner
		SccLocalPath27 = JourneyPlanRunner
		SccProjectUniqueName28 = DataServices\\DataServices.csproj
		SccProjectName28 = DataServices
		SccLocalPath28 = DataServices
		SccProjectUniqueName29 = CommandAndControl\\CommandAndControlAgentService\\CommandAndControlAgentService.csproj
		SccProjectTopLevelParentUniqueName29 = SJP.sln
		SccProjectName29 = CommandAndControl/CommandAndControlAgentService
		SccLocalPath29 = CommandAndControl\\CommandAndControlAgentService
		SccProjectUniqueName30 = CommandAndControl\\HashGenerator\\HashGenerator.csproj
		SccProjectTopLevelParentUniqueName30 = SJP.sln
		SccProjectName30 = CommandAndControl/HashGenerator
		SccLocalPath30 = CommandAndControl\\HashGenerator
		SccProjectUniqueName31 = CommandAndControl\\HashValidator\\HashValidator.csproj
		SccProjectTopLevelParentUniqueName31 = SJP.sln
		SccProjectName31 = CommandAndControl/HashValidator
		SccLocalPath31 = CommandAndControl\\HashValidator
		SccProjectUniqueName32 = CommandAndControl\\ChecksumUtils\\ChecksumUtils.csproj
		SccProjectTopLevelParentUniqueName32 = SJP.sln
		SccProjectName32 = CommandAndControl/ChecksumUtils
		SccLocalPath32 = CommandAndControl\\ChecksumUtils
		SccProjectUniqueName33 = CommandAndControl\\SJPDashboard\\SJPDashboard.csproj
		SccProjectTopLevelParentUniqueName33 = SJP.sln
		SccProjectName33 = CommandAndControl/SJPDashboard
		SccLocalPath33 = CommandAndControl\\SJPDashboard
		SccProjectUniqueName34 = DataBases\\CommandAndControl\\CommandAndControl.dbproj
		SccProjectTopLevelParentUniqueName34 = SJP.sln
		SccProjectName34 = DataBases/CommandAndControl
		SccLocalPath34 = DataBases\\CommandAndControl
		SccProjectUniqueName35 = Reporting\\Events\\Events.csproj
		SccProjectTopLevelParentUniqueName35 = SJP.sln
		SccProjectName35 = Reporting/Events
		SccLocalPath35 = Reporting\\Events
		SccProjectUniqueName36 = Reporting\\EventPublishers\\EventPublishers.csproj
		SccProjectTopLevelParentUniqueName36 = SJP.sln
		SccProjectName36 = Reporting/EventPublishers
		SccLocalPath36 = Reporting\\EventPublishers
		SccProjectUniqueName37 = DataBases\\SJPReportStaging\\SJPReportStaging.dbproj
		SccProjectTopLevelParentUniqueName37 = SJP.sln
		SccProjectName37 = DataBases/SJPReportStaging
		SccLocalPath37 = DataBases\\SJPReportStaging
		SccProjectUniqueName38 = Reporting\\EventReceiver\\EventReceiver.csproj
		SccProjectTopLevelParentUniqueName38 = SJP.sln
		SccProjectName38 = Reporting/EventReceiver
		SccLocalPath38 = Reporting\\EventReceiver
		SccProjectUniqueName39 = Reporting\\WebLogReader\\WebLogReader.csproj
		SccProjectTopLevelParentUniqueName39 = SJP.sln
		SccProjectName39 = Reporting/WebLogReader
		SccLocalPath39 = Reporting\\WebLogReader
		SccProjectUniqueName40 = Databases\\PermanentPortal\\PermanentPortal.dbproj
		SccProjectTopLevelParentUniqueName40 = SJP.sln
		SccProjectName40 = Databases/PermanentPortal
		SccLocalPath40 = Databases\\PermanentPortal
		SccProjectUniqueName41 = DataImporters\\DataImporters.csproj
		SccProjectName41 = DataImporters
		SccLocalPath41 = DataImporters
		SccProjectUniqueName42 = TravelNews\\TravelNews.csproj
		SccProjectName42 = TravelNews
		SccLocalPath42 = TravelNews
		SccProjectUniqueName43 = Databases\\AirInterchange\\AirInterchange.dbproj
		SccProjectTopLevelParentUniqueName43 = SJP.sln
		SccProjectName43 = Databases/AirInterchange
		SccLocalPath43 = Databases\\AirInterchange
		SccProjectUniqueName44 = CommonWeb\\CommonWeb.csproj
		SccProjectName44 = CommonWeb
		SccLocalPath44 = CommonWeb
		SccProjectUniqueName45 = SJPMobile\\SJPMobile.csproj
		SccProjectName45 = SJPMobile
		SccLocalPath45 = SJPMobile
		SccProjectUniqueName46 = DataLoader\\DataLoader.csproj
		SccProjectName46 = DataLoader
		SccLocalPath46 = DataLoader
		SccProjectUniqueName47 = UndergroundNews\\UndergroundNews.csproj
		SccProjectName47 = UndergroundNews
		SccLocalPath47 = UndergroundNews
		SccProjectUniqueName48 = VenueIncidents\\VenueIncidents.csproj
		SccProjectName48 = VenueIncidents
		SccLocalPath48 = VenueIncidents
	EndGlobalSection
	GlobalSection(TestCaseManagementSettings) = postSolution
		CategoryFile = SJP.vsmdi
	EndGlobalSection
	GlobalSection(SolutionConfigurationPlatforms) = preSolution
		Debug|Any CPU = Debug|Any CPU
		Debug|Mixed Platforms = Debug|Mixed Platforms
		Debug|x64 = Debug|x64
		Debug|x86 = Debug|x86
		Release|Any CPU = Release|Any CPU
		Release|Mixed Platforms = Release|Mixed Platforms
		Release|x64 = Release|x64
		Release|x86 = Release|x86
	EndGlobalSection
	GlobalSection(ProjectConfigurationPlatforms) = postSolution
		{67CBC824-A49E-4E9B-A947-360F3DFE65C3}.Debug|Any CPU.ActiveCfg = Debug|Any CPU
		{67CBC824-A49E-4E9B-A947-360F3DFE65C3}.Debug|Any CPU.Build.0 = Debug|Any CPU
		{67CBC824-A49E-4E9B-A947-360F3DFE65C3}.Debug|Mixed Platforms.ActiveCfg = Debug|Any CPU
		{67CBC824-A49E-4E9B-A947-360F3DFE65C3}.Debug|Mixed Platforms.Build.0 = Debug|Any CPU
		{67CBC824-A49E-4E9B-A947-360F3DFE65C3}.Debug|x64.ActiveCfg = Debug|Any CPU
		{67CBC824-A49E-4E9B-A947-360F3DFE65C3}.Debug|x86.ActiveCfg = Debug|Any CPU
		{67CBC824-A49E-4E9B-A947-360F3DFE65C3}.Release|Any CPU.ActiveCfg = Release|Any CPU
		{67CBC824-A49E-4E9B-A947-360F3DFE65C3}.Release|Any CPU.Build.0 = Release|Any CPU
		{67CBC824-A49E-4E9B-A947-360F3DFE65C3}.Release|Mixed Platforms.ActiveCfg = Release|Any CPU
		{67CBC824-A49E-4E9B-A947-360F3DFE65C3}.Release|Mixed Platforms.Build.0 = Release|Any CPU
		{67CBC824-A49E-4E9B-A947-360F3DFE65C3}.Release|Mixed Platforms.Deploy.0 = Release|Any CPU
		{67CBC824-A49E-4E9B-A947-360F3DFE65C3}.Release|x64.ActiveCfg = Release|Any CPU
		{67CBC824-A49E-4E9B-A947-360F3DFE65C3}.Release|x86.ActiveCfg = Release|Any CPU
		{ECA839BB-B752-49F6-9D60-69F20CC5BBA4}.Debug|Any CPU.ActiveCfg = Debug|Any CPU
		{ECA839BB-B752-49F6-9D60-69F20CC5BBA4}.Debug|Any CPU.Build.0 = Debug|Any CPU
		{ECA839BB-B752-49F6-9D60-69F20CC5BBA4}.Debug|Mixed Platforms.ActiveCfg = Debug|Any CPU
		{ECA839BB-B752-49F6-9D60-69F20CC5BBA4}.Debug|Mixed Platforms.Build.0 = Debug|Any CPU
		{ECA839BB-B752-49F6-9D60-69F20CC5BBA4}.Debug|x64.ActiveCfg = Debug|x64
		{ECA839BB-B752-49F6-9D60-69F20CC5BBA4}.Debug|x64.Build.0 = Debug|x64
		{ECA839BB-B752-49F6-9D60-69F20CC5BBA4}.Debug|x86.ActiveCfg = Debug|Any CPU
		{ECA839BB-B752-49F6-9D60-69F20CC5BBA4}.Release|Any CPU.ActiveCfg = Release|Any CPU
		{ECA839BB-B752-49F6-9D60-69F20CC5BBA4}.Release|Any CPU.Build.0 = Release|Any CPU
		{ECA839BB-B752-49F6-9D60-69F20CC5BBA4}.Release|Mixed Platforms.ActiveCfg = Release|Any CPU
		{ECA839BB-B752-49F6-9D60-69F20CC5BBA4}.Release|Mixed Platforms.Build.0 = Release|Any CPU
		{ECA839BB-B752-49F6-9D60-69F20CC5BBA4}.Release|x64.ActiveCfg = Release|x64
		{ECA839BB-B752-49F6-9D60-69F20CC5BBA4}.Release|x64.Build.0 = Release|x64
		{ECA839BB-B752-49F6-9D60-69F20CC5BBA4}.Release|x86.ActiveCfg = Release|Any CPU
		{E3CBE746-9620-4433-9D53-6C334C9BBB7E}.Debug|Any CPU.ActiveCfg = Debug|Any CPU
		{E3CBE746-9620-4433-9D53-6C334C9BBB7E}.Debug|Any CPU.Build.0 = Debug|Any CPU
		{E3CBE746-9620-4433-9D53-6C334C9BBB7E}.Debug|Mixed Platforms.ActiveCfg = Debug|Any CPU
		{E3CBE746-9620-4433-9D53-6C334C9BBB7E}.Debug|Mixed Platforms.Build.0 = Debug|Any CPU
		{E3CBE746-9620-4433-9D53-6C334C9BBB7E}.Debug|x64.ActiveCfg = Debug|x64
		{E3CBE746-9620-4433-9D53-6C334C9BBB7E}.Debug|x64.Build.0 = Debug|x64
		{E3CBE746-9620-4433-9D53-6C334C9BBB7E}.Debug|x86.ActiveCfg = Debug|Any CPU
		{E3CBE746-9620-4433-9D53-6C334C9BBB7E}.Release|Any CPU.ActiveCfg = Release|Any CPU
		{E3CBE746-9620-4433-9D53-6C334C9BBB7E}.Release|Any CPU.Build.0 = Release|Any CPU
		{E3CBE746-9620-4433-9D53-6C334C9BBB7E}.Release|Mixed Platforms.ActiveCfg = Release|Any CPU
		{E3CBE746-9620-4433-9D53-6C334C9BBB7E}.Release|Mixed Platforms.Build.0 = Release|Any CPU
		{E3CBE746-9620-4433-9D53-6C334C9BBB7E}.Release|x64.ActiveCfg = Release|x64
		{E3CBE746-9620-4433-9D53-6C334C9BBB7E}.Release|x64.Build.0 = Release|x64
		{E3CBE746-9620-4433-9D53-6C334C9BBB7E}.Release|x86.ActiveCfg = Release|Any CPU
		{2EF9DD6E-4BA7-46BF-84CB-7509A5099F44}.Debug|Any CPU.ActiveCfg = Debug|Any CPU
		{2EF9DD6E-4BA7-46BF-84CB-7509A5099F44}.Debug|Any CPU.Build.0 = Debug|Any CPU
		{2EF9DD6E-4BA7-46BF-84CB-7509A5099F44}.Debug|Mixed Platforms.ActiveCfg = Debug|Any CPU
		{2EF9DD6E-4BA7-46BF-84CB-7509A5099F44}.Debug|Mixed Platforms.Build.0 = Debug|Any CPU
		{2EF9DD6E-4BA7-46BF-84CB-7509A5099F44}.Debug|x64.ActiveCfg = Debug|x64
		{2EF9DD6E-4BA7-46BF-84CB-7509A5099F44}.Debug|x64.Build.0 = Debug|x64
		{2EF9DD6E-4BA7-46BF-84CB-7509A5099F44}.Debug|x86.ActiveCfg = Debug|Any CPU
		{2EF9DD6E-4BA7-46BF-84CB-7509A5099F44}.Release|Any CPU.ActiveCfg = Release|Any CPU
		{2EF9DD6E-4BA7-46BF-84CB-7509A5099F44}.Release|Any CPU.Build.0 = Release|Any CPU
		{2EF9DD6E-4BA7-46BF-84CB-7509A5099F44}.Release|Mixed Platforms.ActiveCfg = Release|Any CPU
		{2EF9DD6E-4BA7-46BF-84CB-7509A5099F44}.Release|Mixed Platforms.Build.0 = Release|Any CPU
		{2EF9DD6E-4BA7-46BF-84CB-7509A5099F44}.Release|x64.ActiveCfg = Release|x64
		{2EF9DD6E-4BA7-46BF-84CB-7509A5099F44}.Release|x64.Build.0 = Release|x64
		{2EF9DD6E-4BA7-46BF-84CB-7509A5099F44}.Release|x86.ActiveCfg = Release|Any CPU
		{4AED788E-EA9A-4C3F-BB8D-07A7F1FBE8AA}.Debug|Any CPU.ActiveCfg = Debug|Any CPU
		{4AED788E-EA9A-4C3F-BB8D-07A7F1FBE8AA}.Debug|Any CPU.Build.0 = Debug|Any CPU
		{4AED788E-EA9A-4C3F-BB8D-07A7F1FBE8AA}.Debug|Mixed Platforms.ActiveCfg = Debug|Any CPU
		{4AED788E-EA9A-4C3F-BB8D-07A7F1FBE8AA}.Debug|Mixed Platforms.Build.0 = Debug|Any CPU
		{4AED788E-EA9A-4C3F-BB8D-07A7F1FBE8AA}.Debug|x64.ActiveCfg = Debug|x64
		{4AED788E-EA9A-4C3F-BB8D-07A7F1FBE8AA}.Debug|x64.Build.0 = Debug|x64
		{4AED788E-EA9A-4C3F-BB8D-07A7F1FBE8AA}.Debug|x86.ActiveCfg = Debug|Any CPU
		{4AED788E-EA9A-4C3F-BB8D-07A7F1FBE8AA}.Release|Any CPU.ActiveCfg = Release|Any CPU
		{4AED788E-EA9A-4C3F-BB8D-07A7F1FBE8AA}.Release|Any CPU.Build.0 = Release|Any CPU
		{4AED788E-EA9A-4C3F-BB8D-07A7F1FBE8AA}.Release|Mixed Platforms.ActiveCfg = Release|Any CPU
		{4AED788E-EA9A-4C3F-BB8D-07A7F1FBE8AA}.Release|Mixed Platforms.Build.0 = Release|Any CPU
		{4AED788E-EA9A-4C3F-BB8D-07A7F1FBE8AA}.Release|x64.ActiveCfg = Release|x64
		{4AED788E-EA9A-4C3F-BB8D-07A7F1FBE8AA}.Release|x64.Build.0 = Release|x64
		{4AED788E-EA9A-4C3F-BB8D-07A7F1FBE8AA}.Release|x86.ActiveCfg = Release|Any CPU
		{14ED9C55-9007-4689-8142-83B80CDCF6A9}.Debug|Any CPU.ActiveCfg = Debug|Any CPU
		{14ED9C55-9007-4689-8142-83B80CDCF6A9}.Debug|Any CPU.Build.0 = Debug|Any CPU
		{14ED9C55-9007-4689-8142-83B80CDCF6A9}.Debug|Mixed Platforms.ActiveCfg = Debug|Any CPU
		{14ED9C55-9007-4689-8142-83B80CDCF6A9}.Debug|Mixed Platforms.Build.0 = Debug|Any CPU
		{14ED9C55-9007-4689-8142-83B80CDCF6A9}.Debug|x64.ActiveCfg = Debug|x64
		{14ED9C55-9007-4689-8142-83B80CDCF6A9}.Debug|x64.Build.0 = Debug|x64
		{14ED9C55-9007-4689-8142-83B80CDCF6A9}.Debug|x86.ActiveCfg = Debug|Any CPU
		{14ED9C55-9007-4689-8142-83B80CDCF6A9}.Release|Any CPU.ActiveCfg = Release|Any CPU
		{14ED9C55-9007-4689-8142-83B80CDCF6A9}.Release|Any CPU.Build.0 = Release|Any CPU
		{14ED9C55-9007-4689-8142-83B80CDCF6A9}.Release|Mixed Platforms.ActiveCfg = Release|Any CPU
		{14ED9C55-9007-4689-8142-83B80CDCF6A9}.Release|Mixed Platforms.Build.0 = Release|Any CPU
		{14ED9C55-9007-4689-8142-83B80CDCF6A9}.Release|x64.ActiveCfg = Release|x64
		{14ED9C55-9007-4689-8142-83B80CDCF6A9}.Release|x64.Build.0 = Release|x64
		{14ED9C55-9007-4689-8142-83B80CDCF6A9}.Release|x86.ActiveCfg = Release|Any CPU
		{F82632FB-A7EB-4121-B4C9-338450D024AF}.Debug|Any CPU.ActiveCfg = Debug|Any CPU
		{F82632FB-A7EB-4121-B4C9-338450D024AF}.Debug|Any CPU.Build.0 = Debug|Any CPU
		{F82632FB-A7EB-4121-B4C9-338450D024AF}.Debug|Mixed Platforms.ActiveCfg = Debug|Any CPU
		{F82632FB-A7EB-4121-B4C9-338450D024AF}.Debug|Mixed Platforms.Build.0 = Debug|Any CPU
		{F82632FB-A7EB-4121-B4C9-338450D024AF}.Debug|x64.ActiveCfg = Debug|x64
		{F82632FB-A7EB-4121-B4C9-338450D024AF}.Debug|x64.Build.0 = Debug|x64
		{F82632FB-A7EB-4121-B4C9-338450D024AF}.Debug|x86.ActiveCfg = Debug|Any CPU
		{F82632FB-A7EB-4121-B4C9-338450D024AF}.Release|Any CPU.ActiveCfg = Release|Any CPU
		{F82632FB-A7EB-4121-B4C9-338450D024AF}.Release|Any CPU.Build.0 = Release|Any CPU
		{F82632FB-A7EB-4121-B4C9-338450D024AF}.Release|Mixed Platforms.ActiveCfg = Release|Any CPU
		{F82632FB-A7EB-4121-B4C9-338450D024AF}.Release|Mixed Platforms.Build.0 = Release|Any CPU
		{F82632FB-A7EB-4121-B4C9-338450D024AF}.Release|x64.ActiveCfg = Release|x64
		{F82632FB-A7EB-4121-B4C9-338450D024AF}.Release|x64.Build.0 = Release|x64
		{F82632FB-A7EB-4121-B4C9-338450D024AF}.Release|x86.ActiveCfg = Release|Any CPU
		{81877B7C-61F6-46C5-B212-861065CD538F}.Debug|Any CPU.ActiveCfg = Debug|Any CPU
		{81877B7C-61F6-46C5-B212-861065CD538F}.Debug|Any CPU.Build.0 = Debug|Any CPU
		{81877B7C-61F6-46C5-B212-861065CD538F}.Debug|Mixed Platforms.ActiveCfg = Debug|Any CPU
		{81877B7C-61F6-46C5-B212-861065CD538F}.Debug|Mixed Platforms.Build.0 = Debug|Any CPU
		{81877B7C-61F6-46C5-B212-861065CD538F}.Debug|x64.ActiveCfg = Debug|x64
		{81877B7C-61F6-46C5-B212-861065CD538F}.Debug|x64.Build.0 = Debug|x64
		{81877B7C-61F6-46C5-B212-861065CD538F}.Debug|x86.ActiveCfg = Debug|Any CPU
		{81877B7C-61F6-46C5-B212-861065CD538F}.Release|Any CPU.ActiveCfg = Release|Any CPU
		{81877B7C-61F6-46C5-B212-861065CD538F}.Release|Any CPU.Build.0 = Release|Any CPU
		{81877B7C-61F6-46C5-B212-861065CD538F}.Release|Mixed Platforms.ActiveCfg = Release|Any CPU
		{81877B7C-61F6-46C5-B212-861065CD538F}.Release|Mixed Platforms.Build.0 = Release|Any CPU
		{81877B7C-61F6-46C5-B212-861065CD538F}.Release|x64.ActiveCfg = Release|x64
		{81877B7C-61F6-46C5-B212-861065CD538F}.Release|x64.Build.0 = Release|x64
		{81877B7C-61F6-46C5-B212-861065CD538F}.Release|x86.ActiveCfg = Release|Any CPU
		{8F70D1C0-9DAD-4857-B26C-AEE5ECC8E867}.Debug|Any CPU.ActiveCfg = Debug|Any CPU
		{8F70D1C0-9DAD-4857-B26C-AEE5ECC8E867}.Debug|Any CPU.Build.0 = Debug|Any CPU
		{8F70D1C0-9DAD-4857-B26C-AEE5ECC8E867}.Debug|Mixed Platforms.ActiveCfg = Debug|Any CPU
		{8F70D1C0-9DAD-4857-B26C-AEE5ECC8E867}.Debug|Mixed Platforms.Build.0 = Debug|Any CPU
		{8F70D1C0-9DAD-4857-B26C-AEE5ECC8E867}.Debug|x64.ActiveCfg = Debug|x64
		{8F70D1C0-9DAD-4857-B26C-AEE5ECC8E867}.Debug|x64.Build.0 = Debug|x64
		{8F70D1C0-9DAD-4857-B26C-AEE5ECC8E867}.Debug|x86.ActiveCfg = Debug|Any CPU
		{8F70D1C0-9DAD-4857-B26C-AEE5ECC8E867}.Release|Any CPU.ActiveCfg = Release|Any CPU
		{8F70D1C0-9DAD-4857-B26C-AEE5ECC8E867}.Release|Any CPU.Build.0 = Release|Any CPU
		{8F70D1C0-9DAD-4857-B26C-AEE5ECC8E867}.Release|Mixed Platforms.ActiveCfg = Release|Any CPU
		{8F70D1C0-9DAD-4857-B26C-AEE5ECC8E867}.Release|Mixed Platforms.Build.0 = Release|Any CPU
		{8F70D1C0-9DAD-4857-B26C-AEE5ECC8E867}.Release|x64.ActiveCfg = Release|x64
		{8F70D1C0-9DAD-4857-B26C-AEE5ECC8E867}.Release|x64.Build.0 = Release|x64
		{8F70D1C0-9DAD-4857-B26C-AEE5ECC8E867}.Release|x86.ActiveCfg = Release|Any CPU
		{D6BCFB92-FFF1-4BE9-9B95-8A7063258597}.Debug|Any CPU.ActiveCfg = Debug|Any CPU
		{D6BCFB92-FFF1-4BE9-9B95-8A7063258597}.Debug|Any CPU.Build.0 = Debug|Any CPU
		{D6BCFB92-FFF1-4BE9-9B95-8A7063258597}.Debug|Mixed Platforms.ActiveCfg = Debug|Any CPU
		{D6BCFB92-FFF1-4BE9-9B95-8A7063258597}.Debug|Mixed Platforms.Build.0 = Debug|Any CPU
		{D6BCFB92-FFF1-4BE9-9B95-8A7063258597}.Debug|x64.ActiveCfg = Debug|x64
		{D6BCFB92-FFF1-4BE9-9B95-8A7063258597}.Debug|x64.Build.0 = Debug|x64
		{D6BCFB92-FFF1-4BE9-9B95-8A7063258597}.Debug|x86.ActiveCfg = Debug|Any CPU
		{D6BCFB92-FFF1-4BE9-9B95-8A7063258597}.Release|Any CPU.ActiveCfg = Release|Any CPU
		{D6BCFB92-FFF1-4BE9-9B95-8A7063258597}.Release|Any CPU.Build.0 = Release|Any CPU
		{D6BCFB92-FFF1-4BE9-9B95-8A7063258597}.Release|Mixed Platforms.ActiveCfg = Release|Any CPU
		{D6BCFB92-FFF1-4BE9-9B95-8A7063258597}.Release|Mixed Platforms.Build.0 = Release|Any CPU
		{D6BCFB92-FFF1-4BE9-9B95-8A7063258597}.Release|x64.ActiveCfg = Release|x64
		{D6BCFB92-FFF1-4BE9-9B95-8A7063258597}.Release|x64.Build.0 = Release|x64
		{D6BCFB92-FFF1-4BE9-9B95-8A7063258597}.Release|x86.ActiveCfg = Release|Any CPU
		{A27682BA-20DF-45CA-A5F3-8312813F6AF7}.Debug|Any CPU.ActiveCfg = Debug|Any CPU
		{A27682BA-20DF-45CA-A5F3-8312813F6AF7}.Debug|Any CPU.Build.0 = Debug|Any CPU
		{A27682BA-20DF-45CA-A5F3-8312813F6AF7}.Debug|Mixed Platforms.ActiveCfg = Debug|Any CPU
		{A27682BA-20DF-45CA-A5F3-8312813F6AF7}.Debug|Mixed Platforms.Build.0 = Debug|Any CPU
		{A27682BA-20DF-45CA-A5F3-8312813F6AF7}.Debug|x64.ActiveCfg = Debug|Any CPU
		{A27682BA-20DF-45CA-A5F3-8312813F6AF7}.Debug|x86.ActiveCfg = Debug|Any CPU
		{A27682BA-20DF-45CA-A5F3-8312813F6AF7}.Release|Any CPU.ActiveCfg = Release|Any CPU
		{A27682BA-20DF-45CA-A5F3-8312813F6AF7}.Release|Any CPU.Build.0 = Release|Any CPU
		{A27682BA-20DF-45CA-A5F3-8312813F6AF7}.Release|Mixed Platforms.ActiveCfg = Release|Any CPU
		{A27682BA-20DF-45CA-A5F3-8312813F6AF7}.Release|Mixed Platforms.Build.0 = Release|Any CPU
		{A27682BA-20DF-45CA-A5F3-8312813F6AF7}.Release|Mixed Platforms.Deploy.0 = Release|Any CPU
		{A27682BA-20DF-45CA-A5F3-8312813F6AF7}.Release|x64.ActiveCfg = Release|Any CPU
		{A27682BA-20DF-45CA-A5F3-8312813F6AF7}.Release|x86.ActiveCfg = Release|Any CPU
		{B3C1B568-5AD2-4E08-9F3F-B5404B43AE42}.Debug|Any CPU.ActiveCfg = Debug|Any CPU
		{B3C1B568-5AD2-4E08-9F3F-B5404B43AE42}.Debug|Any CPU.Build.0 = Debug|Any CPU
		{B3C1B568-5AD2-4E08-9F3F-B5404B43AE42}.Debug|Mixed Platforms.ActiveCfg = Debug|Any CPU
		{B3C1B568-5AD2-4E08-9F3F-B5404B43AE42}.Debug|Mixed Platforms.Build.0 = Debug|Any CPU
		{B3C1B568-5AD2-4E08-9F3F-B5404B43AE42}.Debug|x64.ActiveCfg = Debug|Any CPU
		{B3C1B568-5AD2-4E08-9F3F-B5404B43AE42}.Debug|x86.ActiveCfg = Debug|Any CPU
		{B3C1B568-5AD2-4E08-9F3F-B5404B43AE42}.Release|Any CPU.ActiveCfg = Release|Any CPU
		{B3C1B568-5AD2-4E08-9F3F-B5404B43AE42}.Release|Any CPU.Build.0 = Release|Any CPU
		{B3C1B568-5AD2-4E08-9F3F-B5404B43AE42}.Release|Mixed Platforms.ActiveCfg = Release|Any CPU
		{B3C1B568-5AD2-4E08-9F3F-B5404B43AE42}.Release|Mixed Platforms.Build.0 = Release|Any CPU
		{B3C1B568-5AD2-4E08-9F3F-B5404B43AE42}.Release|Mixed Platforms.Deploy.0 = Release|Any CPU
		{B3C1B568-5AD2-4E08-9F3F-B5404B43AE42}.Release|x64.ActiveCfg = Release|Any CPU
		{B3C1B568-5AD2-4E08-9F3F-B5404B43AE42}.Release|x86.ActiveCfg = Release|Any CPU
		{1807A189-3F0B-449E-A8B9-6DD81BB379F6}.Debug|Any CPU.ActiveCfg = Debug|Any CPU
		{1807A189-3F0B-449E-A8B9-6DD81BB379F6}.Debug|Any CPU.Build.0 = Debug|Any CPU
		{1807A189-3F0B-449E-A8B9-6DD81BB379F6}.Debug|Mixed Platforms.ActiveCfg = Debug|x86
		{1807A189-3F0B-449E-A8B9-6DD81BB379F6}.Debug|Mixed Platforms.Build.0 = Debug|x86
		{1807A189-3F0B-449E-A8B9-6DD81BB379F6}.Debug|x64.ActiveCfg = Debug|x64
		{1807A189-3F0B-449E-A8B9-6DD81BB379F6}.Debug|x86.ActiveCfg = Debug|x86
		{1807A189-3F0B-449E-A8B9-6DD81BB379F6}.Debug|x86.Build.0 = Debug|x86
		{1807A189-3F0B-449E-A8B9-6DD81BB379F6}.Release|Any CPU.ActiveCfg = Release|x86
		{1807A189-3F0B-449E-A8B9-6DD81BB379F6}.Release|Any CPU.Build.0 = Release|x86
		{1807A189-3F0B-449E-A8B9-6DD81BB379F6}.Release|Mixed Platforms.ActiveCfg = Release|x86
		{1807A189-3F0B-449E-A8B9-6DD81BB379F6}.Release|Mixed Platforms.Build.0 = Release|x86
		{1807A189-3F0B-449E-A8B9-6DD81BB379F6}.Release|x64.ActiveCfg = Release|x64
		{1807A189-3F0B-449E-A8B9-6DD81BB379F6}.Release|x64.Build.0 = Release|x64
		{1807A189-3F0B-449E-A8B9-6DD81BB379F6}.Release|x86.ActiveCfg = Release|x86
		{1807A189-3F0B-449E-A8B9-6DD81BB379F6}.Release|x86.Build.0 = Release|x86
		{F0ED93C9-BC53-4EFB-BCF2-371C51D57523}.Debug|Any CPU.ActiveCfg = Debug|Any CPU
		{F0ED93C9-BC53-4EFB-BCF2-371C51D57523}.Debug|Any CPU.Build.0 = Debug|Any CPU
		{F0ED93C9-BC53-4EFB-BCF2-371C51D57523}.Debug|Mixed Platforms.ActiveCfg = Debug|Any CPU
		{F0ED93C9-BC53-4EFB-BCF2-371C51D57523}.Debug|Mixed Platforms.Build.0 = Debug|Any CPU
		{F0ED93C9-BC53-4EFB-BCF2-371C51D57523}.Debug|x64.ActiveCfg = Debug|x64
		{F0ED93C9-BC53-4EFB-BCF2-371C51D57523}.Debug|x64.Build.0 = Debug|x64
		{F0ED93C9-BC53-4EFB-BCF2-371C51D57523}.Debug|x86.ActiveCfg = Debug|Any CPU
		{F0ED93C9-BC53-4EFB-BCF2-371C51D57523}.Release|Any CPU.ActiveCfg = Release|Any CPU
		{F0ED93C9-BC53-4EFB-BCF2-371C51D57523}.Release|Any CPU.Build.0 = Release|Any CPU
		{F0ED93C9-BC53-4EFB-BCF2-371C51D57523}.Release|Mixed Platforms.ActiveCfg = Release|Any CPU
		{F0ED93C9-BC53-4EFB-BCF2-371C51D57523}.Release|Mixed Platforms.Build.0 = Release|Any CPU
		{F0ED93C9-BC53-4EFB-BCF2-371C51D57523}.Release|x64.ActiveCfg = Release|x64
		{F0ED93C9-BC53-4EFB-BCF2-371C51D57523}.Release|x64.Build.0 = Release|x64
		{F0ED93C9-BC53-4EFB-BCF2-371C51D57523}.Release|x86.ActiveCfg = Release|Any CPU
		{9CE678F8-33FE-4822-A596-4C3FA802C64F}.Debug|Any CPU.ActiveCfg = Debug|Any CPU
		{9CE678F8-33FE-4822-A596-4C3FA802C64F}.Debug|Any CPU.Build.0 = Debug|Any CPU
		{9CE678F8-33FE-4822-A596-4C3FA802C64F}.Debug|Mixed Platforms.ActiveCfg = Debug|Any CPU
		{9CE678F8-33FE-4822-A596-4C3FA802C64F}.Debug|Mixed Platforms.Build.0 = Debug|Any CPU
		{9CE678F8-33FE-4822-A596-4C3FA802C64F}.Debug|x64.ActiveCfg = Debug|x64
		{9CE678F8-33FE-4822-A596-4C3FA802C64F}.Debug|x64.Build.0 = Debug|x64
		{9CE678F8-33FE-4822-A596-4C3FA802C64F}.Debug|x86.ActiveCfg = Debug|Any CPU
		{9CE678F8-33FE-4822-A596-4C3FA802C64F}.Release|Any CPU.ActiveCfg = Release|Any CPU
		{9CE678F8-33FE-4822-A596-4C3FA802C64F}.Release|Any CPU.Build.0 = Release|Any CPU
		{9CE678F8-33FE-4822-A596-4C3FA802C64F}.Release|Mixed Platforms.ActiveCfg = Release|Any CPU
		{9CE678F8-33FE-4822-A596-4C3FA802C64F}.Release|Mixed Platforms.Build.0 = Release|Any CPU
		{9CE678F8-33FE-4822-A596-4C3FA802C64F}.Release|x64.ActiveCfg = Release|x64
		{9CE678F8-33FE-4822-A596-4C3FA802C64F}.Release|x64.Build.0 = Release|x64
		{9CE678F8-33FE-4822-A596-4C3FA802C64F}.Release|x86.ActiveCfg = Release|Any CPU
		{A3A80826-066D-4519-9D2A-C00E01243E6E}.Debug|Any CPU.ActiveCfg = Debug|Any CPU
		{A3A80826-066D-4519-9D2A-C00E01243E6E}.Debug|Any CPU.Build.0 = Debug|Any CPU
		{A3A80826-066D-4519-9D2A-C00E01243E6E}.Debug|Mixed Platforms.ActiveCfg = Debug|Any CPU
		{A3A80826-066D-4519-9D2A-C00E01243E6E}.Debug|Mixed Platforms.Build.0 = Debug|Any CPU
		{A3A80826-066D-4519-9D2A-C00E01243E6E}.Debug|x64.ActiveCfg = Debug|Any CPU
		{A3A80826-066D-4519-9D2A-C00E01243E6E}.Debug|x86.ActiveCfg = Debug|Any CPU
		{A3A80826-066D-4519-9D2A-C00E01243E6E}.Release|Any CPU.ActiveCfg = Release|Any CPU
		{A3A80826-066D-4519-9D2A-C00E01243E6E}.Release|Any CPU.Build.0 = Release|Any CPU
		{A3A80826-066D-4519-9D2A-C00E01243E6E}.Release|Mixed Platforms.ActiveCfg = Release|Any CPU
		{A3A80826-066D-4519-9D2A-C00E01243E6E}.Release|Mixed Platforms.Build.0 = Release|Any CPU
		{A3A80826-066D-4519-9D2A-C00E01243E6E}.Release|Mixed Platforms.Deploy.0 = Release|Any CPU
		{A3A80826-066D-4519-9D2A-C00E01243E6E}.Release|x64.ActiveCfg = Release|Any CPU
		{A3A80826-066D-4519-9D2A-C00E01243E6E}.Release|x86.ActiveCfg = Release|Any CPU
		{0E99A5BE-AAB2-4E72-80D9-D1A657553922}.Debug|Any CPU.ActiveCfg = Debug|Any CPU
		{0E99A5BE-AAB2-4E72-80D9-D1A657553922}.Debug|Any CPU.Build.0 = Debug|Any CPU
		{0E99A5BE-AAB2-4E72-80D9-D1A657553922}.Debug|Mixed Platforms.ActiveCfg = Debug|Any CPU
		{0E99A5BE-AAB2-4E72-80D9-D1A657553922}.Debug|Mixed Platforms.Build.0 = Debug|Any CPU
		{0E99A5BE-AAB2-4E72-80D9-D1A657553922}.Debug|x64.ActiveCfg = Debug|x64
		{0E99A5BE-AAB2-4E72-80D9-D1A657553922}.Debug|x64.Build.0 = Debug|x64
		{0E99A5BE-AAB2-4E72-80D9-D1A657553922}.Debug|x86.ActiveCfg = Debug|Any CPU
		{0E99A5BE-AAB2-4E72-80D9-D1A657553922}.Release|Any CPU.ActiveCfg = Release|Any CPU
		{0E99A5BE-AAB2-4E72-80D9-D1A657553922}.Release|Any CPU.Build.0 = Release|Any CPU
		{0E99A5BE-AAB2-4E72-80D9-D1A657553922}.Release|Mixed Platforms.ActiveCfg = Release|Any CPU
		{0E99A5BE-AAB2-4E72-80D9-D1A657553922}.Release|Mixed Platforms.Build.0 = Release|Any CPU
		{0E99A5BE-AAB2-4E72-80D9-D1A657553922}.Release|x64.ActiveCfg = Release|x64
		{0E99A5BE-AAB2-4E72-80D9-D1A657553922}.Release|x64.Build.0 = Release|x64
		{0E99A5BE-AAB2-4E72-80D9-D1A657553922}.Release|x86.ActiveCfg = Release|Any CPU
		{3CD3DD00-0645-4A75-8327-223928FC38E8}.Debug|Any CPU.ActiveCfg = Debug|Any CPU
		{3CD3DD00-0645-4A75-8327-223928FC38E8}.Debug|Any CPU.Build.0 = Debug|Any CPU
		{3CD3DD00-0645-4A75-8327-223928FC38E8}.Debug|Mixed Platforms.ActiveCfg = Debug|Any CPU
		{3CD3DD00-0645-4A75-8327-223928FC38E8}.Debug|Mixed Platforms.Build.0 = Debug|Any CPU
		{3CD3DD00-0645-4A75-8327-223928FC38E8}.Debug|x64.ActiveCfg = Debug|Any CPU
		{3CD3DD00-0645-4A75-8327-223928FC38E8}.Debug|x86.ActiveCfg = Debug|Any CPU
		{3CD3DD00-0645-4A75-8327-223928FC38E8}.Release|Any CPU.ActiveCfg = Release|Any CPU
		{3CD3DD00-0645-4A75-8327-223928FC38E8}.Release|Any CPU.Build.0 = Release|Any CPU
		{3CD3DD00-0645-4A75-8327-223928FC38E8}.Release|Mixed Platforms.ActiveCfg = Release|Any CPU
		{3CD3DD00-0645-4A75-8327-223928FC38E8}.Release|Mixed Platforms.Build.0 = Release|Any CPU
		{3CD3DD00-0645-4A75-8327-223928FC38E8}.Release|Mixed Platforms.Deploy.0 = Release|Any CPU
		{3CD3DD00-0645-4A75-8327-223928FC38E8}.Release|x64.ActiveCfg = Release|Any CPU
		{3CD3DD00-0645-4A75-8327-223928FC38E8}.Release|x86.ActiveCfg = Release|Any CPU
		{2E16E3F2-5AE8-450E-9953-177FAB41554C}.Debug|Any CPU.ActiveCfg = Debug|Any CPU
		{2E16E3F2-5AE8-450E-9953-177FAB41554C}.Debug|Any CPU.Build.0 = Debug|Any CPU
		{2E16E3F2-5AE8-450E-9953-177FAB41554C}.Debug|Mixed Platforms.ActiveCfg = Debug|Any CPU
		{2E16E3F2-5AE8-450E-9953-177FAB41554C}.Debug|Mixed Platforms.Build.0 = Debug|Any CPU
		{2E16E3F2-5AE8-450E-9953-177FAB41554C}.Debug|x64.ActiveCfg = Debug|x64
		{2E16E3F2-5AE8-450E-9953-177FAB41554C}.Debug|x64.Build.0 = Debug|x64
		{2E16E3F2-5AE8-450E-9953-177FAB41554C}.Debug|x86.ActiveCfg = Debug|Any CPU
		{2E16E3F2-5AE8-450E-9953-177FAB41554C}.Release|Any CPU.ActiveCfg = Release|Any CPU
		{2E16E3F2-5AE8-450E-9953-177FAB41554C}.Release|Any CPU.Build.0 = Release|Any CPU
		{2E16E3F2-5AE8-450E-9953-177FAB41554C}.Release|Mixed Platforms.ActiveCfg = Release|Any CPU
		{2E16E3F2-5AE8-450E-9953-177FAB41554C}.Release|Mixed Platforms.Build.0 = Release|Any CPU
		{2E16E3F2-5AE8-450E-9953-177FAB41554C}.Release|x64.ActiveCfg = Release|x64
		{2E16E3F2-5AE8-450E-9953-177FAB41554C}.Release|x64.Build.0 = Release|x64
		{2E16E3F2-5AE8-450E-9953-177FAB41554C}.Release|x86.ActiveCfg = Release|Any CPU
		{55A13C46-7CAD-4084-BB1E-47C4ECACCDB7}.Debug|Any CPU.ActiveCfg = Debug|Any CPU
		{55A13C46-7CAD-4084-BB1E-47C4ECACCDB7}.Debug|Any CPU.Build.0 = Debug|Any CPU
		{55A13C46-7CAD-4084-BB1E-47C4ECACCDB7}.Debug|Mixed Platforms.ActiveCfg = Debug|Any CPU
		{55A13C46-7CAD-4084-BB1E-47C4ECACCDB7}.Debug|Mixed Platforms.Build.0 = Debug|Any CPU
		{55A13C46-7CAD-4084-BB1E-47C4ECACCDB7}.Debug|x64.ActiveCfg = Debug|x64
		{55A13C46-7CAD-4084-BB1E-47C4ECACCDB7}.Debug|x64.Build.0 = Debug|x64
		{55A13C46-7CAD-4084-BB1E-47C4ECACCDB7}.Debug|x86.ActiveCfg = Debug|Any CPU
		{55A13C46-7CAD-4084-BB1E-47C4ECACCDB7}.Release|Any CPU.ActiveCfg = Release|Any CPU
		{55A13C46-7CAD-4084-BB1E-47C4ECACCDB7}.Release|Any CPU.Build.0 = Release|Any CPU
		{55A13C46-7CAD-4084-BB1E-47C4ECACCDB7}.Release|Mixed Platforms.ActiveCfg = Release|Any CPU
		{55A13C46-7CAD-4084-BB1E-47C4ECACCDB7}.Release|Mixed Platforms.Build.0 = Release|Any CPU
		{55A13C46-7CAD-4084-BB1E-47C4ECACCDB7}.Release|x64.ActiveCfg = Release|x64
		{55A13C46-7CAD-4084-BB1E-47C4ECACCDB7}.Release|x64.Build.0 = Release|x64
		{55A13C46-7CAD-4084-BB1E-47C4ECACCDB7}.Release|x86.ActiveCfg = Release|Any CPU
		{4D570070-A1E5-434B-81AA-CEA52294DA59}.Debug|Any CPU.ActiveCfg = Debug|Any CPU
		{4D570070-A1E5-434B-81AA-CEA52294DA59}.Debug|Any CPU.Build.0 = Debug|Any CPU
		{4D570070-A1E5-434B-81AA-CEA52294DA59}.Debug|Mixed Platforms.ActiveCfg = Debug|Any CPU
		{4D570070-A1E5-434B-81AA-CEA52294DA59}.Debug|Mixed Platforms.Build.0 = Debug|Any CPU
		{4D570070-A1E5-434B-81AA-CEA52294DA59}.Debug|x64.ActiveCfg = Debug|x64
		{4D570070-A1E5-434B-81AA-CEA52294DA59}.Debug|x64.Build.0 = Debug|x64
		{4D570070-A1E5-434B-81AA-CEA52294DA59}.Debug|x86.ActiveCfg = Debug|Any CPU
		{4D570070-A1E5-434B-81AA-CEA52294DA59}.Release|Any CPU.ActiveCfg = Release|Any CPU
		{4D570070-A1E5-434B-81AA-CEA52294DA59}.Release|Any CPU.Build.0 = Release|Any CPU
		{4D570070-A1E5-434B-81AA-CEA52294DA59}.Release|Mixed Platforms.ActiveCfg = Release|Any CPU
		{4D570070-A1E5-434B-81AA-CEA52294DA59}.Release|Mixed Platforms.Build.0 = Release|Any CPU
		{4D570070-A1E5-434B-81AA-CEA52294DA59}.Release|x64.ActiveCfg = Release|x64
		{4D570070-A1E5-434B-81AA-CEA52294DA59}.Release|x64.Build.0 = Release|x64
		{4D570070-A1E5-434B-81AA-CEA52294DA59}.Release|x86.ActiveCfg = Release|Any CPU
		{5A992265-3A04-422C-872E-2C66A55A0D86}.Debug|Any CPU.ActiveCfg = Debug|Any CPU
		{5A992265-3A04-422C-872E-2C66A55A0D86}.Debug|Any CPU.Build.0 = Debug|Any CPU
		{5A992265-3A04-422C-872E-2C66A55A0D86}.Debug|Mixed Platforms.ActiveCfg = Debug|Any CPU
		{5A992265-3A04-422C-872E-2C66A55A0D86}.Debug|Mixed Platforms.Build.0 = Debug|Any CPU
		{5A992265-3A04-422C-872E-2C66A55A0D86}.Debug|x64.ActiveCfg = Debug|x64
		{5A992265-3A04-422C-872E-2C66A55A0D86}.Debug|x64.Build.0 = Debug|x64
		{5A992265-3A04-422C-872E-2C66A55A0D86}.Debug|x86.ActiveCfg = Debug|Any CPU
		{5A992265-3A04-422C-872E-2C66A55A0D86}.Release|Any CPU.ActiveCfg = Release|Any CPU
		{5A992265-3A04-422C-872E-2C66A55A0D86}.Release|Any CPU.Build.0 = Release|Any CPU
		{5A992265-3A04-422C-872E-2C66A55A0D86}.Release|Mixed Platforms.ActiveCfg = Release|Any CPU
		{5A992265-3A04-422C-872E-2C66A55A0D86}.Release|Mixed Platforms.Build.0 = Release|Any CPU
		{5A992265-3A04-422C-872E-2C66A55A0D86}.Release|x64.ActiveCfg = Release|x64
		{5A992265-3A04-422C-872E-2C66A55A0D86}.Release|x64.Build.0 = Release|x64
		{5A992265-3A04-422C-872E-2C66A55A0D86}.Release|x86.ActiveCfg = Release|Any CPU
		{3A2EB34A-A197-4426-AC2A-2CA4FDC38610}.Debug|Any CPU.ActiveCfg = Debug|Any CPU
		{3A2EB34A-A197-4426-AC2A-2CA4FDC38610}.Debug|Any CPU.Build.0 = Debug|Any CPU
		{3A2EB34A-A197-4426-AC2A-2CA4FDC38610}.Debug|Mixed Platforms.ActiveCfg = Debug|Any CPU
		{3A2EB34A-A197-4426-AC2A-2CA4FDC38610}.Debug|Mixed Platforms.Build.0 = Debug|Any CPU
		{3A2EB34A-A197-4426-AC2A-2CA4FDC38610}.Debug|x64.ActiveCfg = Debug|x64
		{3A2EB34A-A197-4426-AC2A-2CA4FDC38610}.Debug|x64.Build.0 = Debug|x64
		{3A2EB34A-A197-4426-AC2A-2CA4FDC38610}.Debug|x86.ActiveCfg = Debug|Any CPU
		{3A2EB34A-A197-4426-AC2A-2CA4FDC38610}.Release|Any CPU.ActiveCfg = Release|Any CPU
		{3A2EB34A-A197-4426-AC2A-2CA4FDC38610}.Release|Any CPU.Build.0 = Release|Any CPU
		{3A2EB34A-A197-4426-AC2A-2CA4FDC38610}.Release|Mixed Platforms.ActiveCfg = Release|Any CPU
		{3A2EB34A-A197-4426-AC2A-2CA4FDC38610}.Release|Mixed Platforms.Build.0 = Release|Any CPU
		{3A2EB34A-A197-4426-AC2A-2CA4FDC38610}.Release|x64.ActiveCfg = Release|x64
		{3A2EB34A-A197-4426-AC2A-2CA4FDC38610}.Release|x64.Build.0 = Release|x64
		{3A2EB34A-A197-4426-AC2A-2CA4FDC38610}.Release|x86.ActiveCfg = Release|Any CPU
		{5B98B72A-C603-4F55-9ACD-34B606AF2107}.Debug|Any CPU.ActiveCfg = Debug|Any CPU
		{5B98B72A-C603-4F55-9ACD-34B606AF2107}.Debug|Any CPU.Build.0 = Debug|Any CPU
		{5B98B72A-C603-4F55-9ACD-34B606AF2107}.Debug|Mixed Platforms.ActiveCfg = Debug|Any CPU
		{5B98B72A-C603-4F55-9ACD-34B606AF2107}.Debug|Mixed Platforms.Build.0 = Debug|Any CPU
		{5B98B72A-C603-4F55-9ACD-34B606AF2107}.Debug|x64.ActiveCfg = Debug|x64
		{5B98B72A-C603-4F55-9ACD-34B606AF2107}.Debug|x64.Build.0 = Debug|x64
		{5B98B72A-C603-4F55-9ACD-34B606AF2107}.Debug|x86.ActiveCfg = Debug|Any CPU
		{5B98B72A-C603-4F55-9ACD-34B606AF2107}.Release|Any CPU.ActiveCfg = Release|Any CPU
		{5B98B72A-C603-4F55-9ACD-34B606AF2107}.Release|Any CPU.Build.0 = Release|Any CPU
		{5B98B72A-C603-4F55-9ACD-34B606AF2107}.Release|Mixed Platforms.ActiveCfg = Release|Any CPU
		{5B98B72A-C603-4F55-9ACD-34B606AF2107}.Release|Mixed Platforms.Build.0 = Release|Any CPU
		{5B98B72A-C603-4F55-9ACD-34B606AF2107}.Release|x64.ActiveCfg = Release|x64
		{5B98B72A-C603-4F55-9ACD-34B606AF2107}.Release|x64.Build.0 = Release|x64
		{5B98B72A-C603-4F55-9ACD-34B606AF2107}.Release|x86.ActiveCfg = Release|Any CPU
		{93F2EFB5-C38A-4B58-A4A4-F68F581DF7CB}.Debug|Any CPU.ActiveCfg = Debug|Any CPU
		{93F2EFB5-C38A-4B58-A4A4-F68F581DF7CB}.Debug|Any CPU.Build.0 = Debug|Any CPU
		{93F2EFB5-C38A-4B58-A4A4-F68F581DF7CB}.Debug|Mixed Platforms.ActiveCfg = Debug|Any CPU
		{93F2EFB5-C38A-4B58-A4A4-F68F581DF7CB}.Debug|Mixed Platforms.Build.0 = Debug|Any CPU
		{93F2EFB5-C38A-4B58-A4A4-F68F581DF7CB}.Debug|x64.ActiveCfg = Debug|x64
		{93F2EFB5-C38A-4B58-A4A4-F68F581DF7CB}.Debug|x64.Build.0 = Debug|x64
		{93F2EFB5-C38A-4B58-A4A4-F68F581DF7CB}.Debug|x86.ActiveCfg = Debug|Any CPU
		{93F2EFB5-C38A-4B58-A4A4-F68F581DF7CB}.Release|Any CPU.ActiveCfg = Release|Any CPU
		{93F2EFB5-C38A-4B58-A4A4-F68F581DF7CB}.Release|Any CPU.Build.0 = Release|Any CPU
		{93F2EFB5-C38A-4B58-A4A4-F68F581DF7CB}.Release|Mixed Platforms.ActiveCfg = Release|Any CPU
		{93F2EFB5-C38A-4B58-A4A4-F68F581DF7CB}.Release|Mixed Platforms.Build.0 = Release|Any CPU
		{93F2EFB5-C38A-4B58-A4A4-F68F581DF7CB}.Release|x64.ActiveCfg = Release|x64
		{93F2EFB5-C38A-4B58-A4A4-F68F581DF7CB}.Release|x64.Build.0 = Release|x64
		{93F2EFB5-C38A-4B58-A4A4-F68F581DF7CB}.Release|x86.ActiveCfg = Release|Any CPU
		{C648ACE3-40CC-41FE-9B52-0ACF9C3BE5BC}.Debug|Any CPU.ActiveCfg = Debug|Any CPU
		{C648ACE3-40CC-41FE-9B52-0ACF9C3BE5BC}.Debug|Any CPU.Build.0 = Debug|Any CPU
		{C648ACE3-40CC-41FE-9B52-0ACF9C3BE5BC}.Debug|Mixed Platforms.ActiveCfg = Debug|Any CPU
		{C648ACE3-40CC-41FE-9B52-0ACF9C3BE5BC}.Debug|Mixed Platforms.Build.0 = Debug|Any CPU
		{C648ACE3-40CC-41FE-9B52-0ACF9C3BE5BC}.Debug|x64.ActiveCfg = Debug|x64
		{C648ACE3-40CC-41FE-9B52-0ACF9C3BE5BC}.Debug|x64.Build.0 = Debug|x64
		{C648ACE3-40CC-41FE-9B52-0ACF9C3BE5BC}.Debug|x86.ActiveCfg = Debug|Any CPU
		{C648ACE3-40CC-41FE-9B52-0ACF9C3BE5BC}.Release|Any CPU.ActiveCfg = Release|Any CPU
		{C648ACE3-40CC-41FE-9B52-0ACF9C3BE5BC}.Release|Any CPU.Build.0 = Release|Any CPU
		{C648ACE3-40CC-41FE-9B52-0ACF9C3BE5BC}.Release|Mixed Platforms.ActiveCfg = Release|Any CPU
		{C648ACE3-40CC-41FE-9B52-0ACF9C3BE5BC}.Release|Mixed Platforms.Build.0 = Release|Any CPU
		{C648ACE3-40CC-41FE-9B52-0ACF9C3BE5BC}.Release|x64.ActiveCfg = Release|x64
		{C648ACE3-40CC-41FE-9B52-0ACF9C3BE5BC}.Release|x64.Build.0 = Release|x64
		{C648ACE3-40CC-41FE-9B52-0ACF9C3BE5BC}.Release|x86.ActiveCfg = Release|Any CPU
		{5F677F32-02CA-4462-A99E-162FD5266F18}.Debug|Any CPU.ActiveCfg = Debug|Any CPU
		{5F677F32-02CA-4462-A99E-162FD5266F18}.Debug|Any CPU.Build.0 = Debug|Any CPU
		{5F677F32-02CA-4462-A99E-162FD5266F18}.Debug|Mixed Platforms.ActiveCfg = Debug|Any CPU
		{5F677F32-02CA-4462-A99E-162FD5266F18}.Debug|Mixed Platforms.Build.0 = Debug|Any CPU
		{5F677F32-02CA-4462-A99E-162FD5266F18}.Debug|x64.ActiveCfg = Debug|x64
		{5F677F32-02CA-4462-A99E-162FD5266F18}.Debug|x64.Build.0 = Debug|x64
		{5F677F32-02CA-4462-A99E-162FD5266F18}.Debug|x86.ActiveCfg = Debug|Any CPU
		{5F677F32-02CA-4462-A99E-162FD5266F18}.Release|Any CPU.ActiveCfg = Release|Any CPU
		{5F677F32-02CA-4462-A99E-162FD5266F18}.Release|Any CPU.Build.0 = Release|Any CPU
		{5F677F32-02CA-4462-A99E-162FD5266F18}.Release|Mixed Platforms.ActiveCfg = Release|Any CPU
		{5F677F32-02CA-4462-A99E-162FD5266F18}.Release|Mixed Platforms.Build.0 = Release|Any CPU
		{5F677F32-02CA-4462-A99E-162FD5266F18}.Release|x64.ActiveCfg = Release|x64
		{5F677F32-02CA-4462-A99E-162FD5266F18}.Release|x64.Build.0 = Release|x64
		{5F677F32-02CA-4462-A99E-162FD5266F18}.Release|x86.ActiveCfg = Release|Any CPU
		{348204EC-DDF7-4735-8DA0-341F206CCCD9}.Debug|Any CPU.ActiveCfg = Debug|Any CPU
		{348204EC-DDF7-4735-8DA0-341F206CCCD9}.Debug|Any CPU.Build.0 = Debug|Any CPU
		{348204EC-DDF7-4735-8DA0-341F206CCCD9}.Debug|Mixed Platforms.ActiveCfg = Debug|Any CPU
		{348204EC-DDF7-4735-8DA0-341F206CCCD9}.Debug|Mixed Platforms.Build.0 = Debug|Any CPU
		{348204EC-DDF7-4735-8DA0-341F206CCCD9}.Debug|x64.ActiveCfg = Debug|x64
		{348204EC-DDF7-4735-8DA0-341F206CCCD9}.Debug|x64.Build.0 = Debug|x64
		{348204EC-DDF7-4735-8DA0-341F206CCCD9}.Debug|x86.ActiveCfg = Debug|Any CPU
		{348204EC-DDF7-4735-8DA0-341F206CCCD9}.Release|Any CPU.ActiveCfg = Release|Any CPU
		{348204EC-DDF7-4735-8DA0-341F206CCCD9}.Release|Any CPU.Build.0 = Release|Any CPU
		{348204EC-DDF7-4735-8DA0-341F206CCCD9}.Release|Mixed Platforms.ActiveCfg = Release|Any CPU
		{348204EC-DDF7-4735-8DA0-341F206CCCD9}.Release|Mixed Platforms.Build.0 = Release|Any CPU
		{348204EC-DDF7-4735-8DA0-341F206CCCD9}.Release|x64.ActiveCfg = Release|x64
		{348204EC-DDF7-4735-8DA0-341F206CCCD9}.Release|x64.Build.0 = Release|x64
		{348204EC-DDF7-4735-8DA0-341F206CCCD9}.Release|x86.ActiveCfg = Release|Any CPU
		{6E4B9146-D44D-47B0-A9CA-82381D7E44E6}.Debug|Any CPU.ActiveCfg = Debug|Any CPU
		{6E4B9146-D44D-47B0-A9CA-82381D7E44E6}.Debug|Any CPU.Build.0 = Debug|Any CPU
		{6E4B9146-D44D-47B0-A9CA-82381D7E44E6}.Debug|Mixed Platforms.ActiveCfg = Debug|Any CPU
		{6E4B9146-D44D-47B0-A9CA-82381D7E44E6}.Debug|Mixed Platforms.Build.0 = Debug|Any CPU
		{6E4B9146-D44D-47B0-A9CA-82381D7E44E6}.Debug|x64.ActiveCfg = Debug|x64
		{6E4B9146-D44D-47B0-A9CA-82381D7E44E6}.Debug|x64.Build.0 = Debug|x64
		{6E4B9146-D44D-47B0-A9CA-82381D7E44E6}.Debug|x86.ActiveCfg = Debug|x86
		{6E4B9146-D44D-47B0-A9CA-82381D7E44E6}.Debug|x86.Build.0 = Debug|x86
		{6E4B9146-D44D-47B0-A9CA-82381D7E44E6}.Release|Any CPU.ActiveCfg = Release|Any CPU
		{6E4B9146-D44D-47B0-A9CA-82381D7E44E6}.Release|Any CPU.Build.0 = Release|Any CPU
		{6E4B9146-D44D-47B0-A9CA-82381D7E44E6}.Release|Mixed Platforms.ActiveCfg = Release|Any CPU
		{6E4B9146-D44D-47B0-A9CA-82381D7E44E6}.Release|Mixed Platforms.Build.0 = Release|Any CPU
		{6E4B9146-D44D-47B0-A9CA-82381D7E44E6}.Release|x64.ActiveCfg = Release|x64
		{6E4B9146-D44D-47B0-A9CA-82381D7E44E6}.Release|x64.Build.0 = Release|x64
		{6E4B9146-D44D-47B0-A9CA-82381D7E44E6}.Release|x86.ActiveCfg = Release|x86
		{6E4B9146-D44D-47B0-A9CA-82381D7E44E6}.Release|x86.Build.0 = Release|x86
		{66D44518-5380-4621-AA03-E95DBC0FD17E}.Debug|Any CPU.ActiveCfg = Debug|Any CPU
		{66D44518-5380-4621-AA03-E95DBC0FD17E}.Debug|Any CPU.Build.0 = Debug|Any CPU
		{66D44518-5380-4621-AA03-E95DBC0FD17E}.Debug|Mixed Platforms.ActiveCfg = Debug|Any CPU
		{66D44518-5380-4621-AA03-E95DBC0FD17E}.Debug|Mixed Platforms.Build.0 = Debug|Any CPU
		{66D44518-5380-4621-AA03-E95DBC0FD17E}.Debug|x64.ActiveCfg = Debug|x64
		{66D44518-5380-4621-AA03-E95DBC0FD17E}.Debug|x64.Build.0 = Debug|x64
		{66D44518-5380-4621-AA03-E95DBC0FD17E}.Debug|x86.ActiveCfg = Debug|Any CPU
		{66D44518-5380-4621-AA03-E95DBC0FD17E}.Release|Any CPU.ActiveCfg = Release|Any CPU
		{66D44518-5380-4621-AA03-E95DBC0FD17E}.Release|Any CPU.Build.0 = Release|Any CPU
		{66D44518-5380-4621-AA03-E95DBC0FD17E}.Release|Mixed Platforms.ActiveCfg = Release|Any CPU
		{66D44518-5380-4621-AA03-E95DBC0FD17E}.Release|Mixed Platforms.Build.0 = Release|Any CPU
		{66D44518-5380-4621-AA03-E95DBC0FD17E}.Release|x64.ActiveCfg = Release|x64
		{66D44518-5380-4621-AA03-E95DBC0FD17E}.Release|x64.Build.0 = Release|x64
		{66D44518-5380-4621-AA03-E95DBC0FD17E}.Release|x86.ActiveCfg = Release|Any CPU
		{E77D2C1D-4109-4DE2-A975-D16CD8CFE321}.Debug|Any CPU.ActiveCfg = Debug|Any CPU
		{E77D2C1D-4109-4DE2-A975-D16CD8CFE321}.Debug|Any CPU.Build.0 = Debug|Any CPU
		{E77D2C1D-4109-4DE2-A975-D16CD8CFE321}.Debug|Mixed Platforms.ActiveCfg = Debug|Any CPU
		{E77D2C1D-4109-4DE2-A975-D16CD8CFE321}.Debug|Mixed Platforms.Build.0 = Debug|Any CPU
		{E77D2C1D-4109-4DE2-A975-D16CD8CFE321}.Debug|x64.ActiveCfg = Debug|x64
		{E77D2C1D-4109-4DE2-A975-D16CD8CFE321}.Debug|x64.Build.0 = Debug|x64
		{E77D2C1D-4109-4DE2-A975-D16CD8CFE321}.Debug|x86.ActiveCfg = Debug|Any CPU
		{E77D2C1D-4109-4DE2-A975-D16CD8CFE321}.Release|Any CPU.ActiveCfg = Release|Any CPU
		{E77D2C1D-4109-4DE2-A975-D16CD8CFE321}.Release|Any CPU.Build.0 = Release|Any CPU
		{E77D2C1D-4109-4DE2-A975-D16CD8CFE321}.Release|Mixed Platforms.ActiveCfg = Release|Any CPU
		{E77D2C1D-4109-4DE2-A975-D16CD8CFE321}.Release|Mixed Platforms.Build.0 = Release|Any CPU
		{E77D2C1D-4109-4DE2-A975-D16CD8CFE321}.Release|x64.ActiveCfg = Release|x64
		{E77D2C1D-4109-4DE2-A975-D16CD8CFE321}.Release|x64.Build.0 = Release|x64
		{E77D2C1D-4109-4DE2-A975-D16CD8CFE321}.Release|x86.ActiveCfg = Release|Any CPU
		{A44D6C6D-4331-4D1B-BB59-7CB532A0C4AD}.Debug|Any CPU.ActiveCfg = Debug|Any CPU
		{A44D6C6D-4331-4D1B-BB59-7CB532A0C4AD}.Debug|Any CPU.Build.0 = Debug|Any CPU
		{A44D6C6D-4331-4D1B-BB59-7CB532A0C4AD}.Debug|Mixed Platforms.ActiveCfg = Debug|Any CPU
		{A44D6C6D-4331-4D1B-BB59-7CB532A0C4AD}.Debug|Mixed Platforms.Build.0 = Debug|Any CPU
		{A44D6C6D-4331-4D1B-BB59-7CB532A0C4AD}.Debug|x64.ActiveCfg = Debug|x64
		{A44D6C6D-4331-4D1B-BB59-7CB532A0C4AD}.Debug|x64.Build.0 = Debug|x64
		{A44D6C6D-4331-4D1B-BB59-7CB532A0C4AD}.Debug|x86.ActiveCfg = Debug|Any CPU
		{A44D6C6D-4331-4D1B-BB59-7CB532A0C4AD}.Release|Any CPU.ActiveCfg = Release|Any CPU
		{A44D6C6D-4331-4D1B-BB59-7CB532A0C4AD}.Release|Any CPU.Build.0 = Release|Any CPU
		{A44D6C6D-4331-4D1B-BB59-7CB532A0C4AD}.Release|Mixed Platforms.ActiveCfg = Release|Any CPU
		{A44D6C6D-4331-4D1B-BB59-7CB532A0C4AD}.Release|Mixed Platforms.Build.0 = Release|Any CPU
		{A44D6C6D-4331-4D1B-BB59-7CB532A0C4AD}.Release|x64.ActiveCfg = Release|x64
		{A44D6C6D-4331-4D1B-BB59-7CB532A0C4AD}.Release|x64.Build.0 = Release|x64
		{A44D6C6D-4331-4D1B-BB59-7CB532A0C4AD}.Release|x86.ActiveCfg = Release|Any CPU
		{FF72ADBF-A2A2-4DF5-8C0B-2C76A9E43702}.Debug|Any CPU.ActiveCfg = Debug|Any CPU
		{FF72ADBF-A2A2-4DF5-8C0B-2C76A9E43702}.Debug|Any CPU.Build.0 = Debug|Any CPU
		{FF72ADBF-A2A2-4DF5-8C0B-2C76A9E43702}.Debug|Mixed Platforms.ActiveCfg = Debug|Any CPU
		{FF72ADBF-A2A2-4DF5-8C0B-2C76A9E43702}.Debug|Mixed Platforms.Build.0 = Debug|Any CPU
		{FF72ADBF-A2A2-4DF5-8C0B-2C76A9E43702}.Debug|x64.ActiveCfg = Debug|x64
		{FF72ADBF-A2A2-4DF5-8C0B-2C76A9E43702}.Debug|x64.Build.0 = Debug|x64
		{FF72ADBF-A2A2-4DF5-8C0B-2C76A9E43702}.Debug|x86.ActiveCfg = Debug|Any CPU
		{FF72ADBF-A2A2-4DF5-8C0B-2C76A9E43702}.Release|Any CPU.ActiveCfg = Release|Any CPU
		{FF72ADBF-A2A2-4DF5-8C0B-2C76A9E43702}.Release|Any CPU.Build.0 = Release|Any CPU
		{FF72ADBF-A2A2-4DF5-8C0B-2C76A9E43702}.Release|Mixed Platforms.ActiveCfg = Release|Any CPU
		{FF72ADBF-A2A2-4DF5-8C0B-2C76A9E43702}.Release|Mixed Platforms.Build.0 = Release|Any CPU
		{FF72ADBF-A2A2-4DF5-8C0B-2C76A9E43702}.Release|x64.ActiveCfg = Release|x64
		{FF72ADBF-A2A2-4DF5-8C0B-2C76A9E43702}.Release|x64.Build.0 = Release|x64
		{FF72ADBF-A2A2-4DF5-8C0B-2C76A9E43702}.Release|x86.ActiveCfg = Release|Any CPU
		{4C44C586-793D-40FE-8758-ED302EC3A4AB}.Debug|Any CPU.ActiveCfg = Debug|Any CPU
		{4C44C586-793D-40FE-8758-ED302EC3A4AB}.Debug|Any CPU.Build.0 = Debug|Any CPU
		{4C44C586-793D-40FE-8758-ED302EC3A4AB}.Debug|Mixed Platforms.ActiveCfg = Debug|Any CPU
		{4C44C586-793D-40FE-8758-ED302EC3A4AB}.Debug|Mixed Platforms.Build.0 = Debug|Any CPU
		{4C44C586-793D-40FE-8758-ED302EC3A4AB}.Debug|x64.ActiveCfg = Debug|Any CPU
		{4C44C586-793D-40FE-8758-ED302EC3A4AB}.Debug|x86.ActiveCfg = Debug|Any CPU
		{4C44C586-793D-40FE-8758-ED302EC3A4AB}.Release|Any CPU.ActiveCfg = Release|Any CPU
		{4C44C586-793D-40FE-8758-ED302EC3A4AB}.Release|Any CPU.Build.0 = Release|Any CPU
		{4C44C586-793D-40FE-8758-ED302EC3A4AB}.Release|Mixed Platforms.ActiveCfg = Release|Any CPU
		{4C44C586-793D-40FE-8758-ED302EC3A4AB}.Release|Mixed Platforms.Build.0 = Release|Any CPU
		{4C44C586-793D-40FE-8758-ED302EC3A4AB}.Release|Mixed Platforms.Deploy.0 = Release|Any CPU
		{4C44C586-793D-40FE-8758-ED302EC3A4AB}.Release|x64.ActiveCfg = Release|Any CPU
		{4C44C586-793D-40FE-8758-ED302EC3A4AB}.Release|x86.ActiveCfg = Release|Any CPU
		{280E29DE-E83B-4F66-A06C-EAACF5CFA35F}.Debug|Any CPU.ActiveCfg = Debug|Any CPU
		{280E29DE-E83B-4F66-A06C-EAACF5CFA35F}.Debug|Any CPU.Build.0 = Debug|Any CPU
		{280E29DE-E83B-4F66-A06C-EAACF5CFA35F}.Debug|Mixed Platforms.ActiveCfg = Debug|Any CPU
		{280E29DE-E83B-4F66-A06C-EAACF5CFA35F}.Debug|Mixed Platforms.Build.0 = Debug|Any CPU
		{280E29DE-E83B-4F66-A06C-EAACF5CFA35F}.Debug|x64.ActiveCfg = Debug|Any CPU
		{280E29DE-E83B-4F66-A06C-EAACF5CFA35F}.Debug|x86.ActiveCfg = Debug|Any CPU
		{280E29DE-E83B-4F66-A06C-EAACF5CFA35F}.Release|Any CPU.ActiveCfg = Release|Any CPU
		{280E29DE-E83B-4F66-A06C-EAACF5CFA35F}.Release|Any CPU.Build.0 = Release|Any CPU
		{280E29DE-E83B-4F66-A06C-EAACF5CFA35F}.Release|Mixed Platforms.ActiveCfg = Release|Any CPU
		{280E29DE-E83B-4F66-A06C-EAACF5CFA35F}.Release|Mixed Platforms.Build.0 = Release|Any CPU
		{280E29DE-E83B-4F66-A06C-EAACF5CFA35F}.Release|x64.ActiveCfg = Release|x64
		{280E29DE-E83B-4F66-A06C-EAACF5CFA35F}.Release|x64.Build.0 = Release|x64
		{280E29DE-E83B-4F66-A06C-EAACF5CFA35F}.Release|x86.ActiveCfg = Release|Any CPU
		{39AF0D89-8315-4E6A-8287-A21CBC9C4CD6}.Debug|Any CPU.ActiveCfg = Debug|Any CPU
		{39AF0D89-8315-4E6A-8287-A21CBC9C4CD6}.Debug|Any CPU.Build.0 = Debug|Any CPU
		{39AF0D89-8315-4E6A-8287-A21CBC9C4CD6}.Debug|Mixed Platforms.ActiveCfg = Debug|Any CPU
		{39AF0D89-8315-4E6A-8287-A21CBC9C4CD6}.Debug|Mixed Platforms.Build.0 = Debug|Any CPU
		{39AF0D89-8315-4E6A-8287-A21CBC9C4CD6}.Debug|x64.ActiveCfg = Debug|Any CPU
		{39AF0D89-8315-4E6A-8287-A21CBC9C4CD6}.Debug|x86.ActiveCfg = Debug|Any CPU
		{39AF0D89-8315-4E6A-8287-A21CBC9C4CD6}.Release|Any CPU.ActiveCfg = Release|Any CPU
		{39AF0D89-8315-4E6A-8287-A21CBC9C4CD6}.Release|Any CPU.Build.0 = Release|Any CPU
		{39AF0D89-8315-4E6A-8287-A21CBC9C4CD6}.Release|Mixed Platforms.ActiveCfg = Release|Any CPU
		{39AF0D89-8315-4E6A-8287-A21CBC9C4CD6}.Release|Mixed Platforms.Build.0 = Release|Any CPU
		{39AF0D89-8315-4E6A-8287-A21CBC9C4CD6}.Release|x64.ActiveCfg = Release|x64
		{39AF0D89-8315-4E6A-8287-A21CBC9C4CD6}.Release|x64.Build.0 = Release|x64
		{39AF0D89-8315-4E6A-8287-A21CBC9C4CD6}.Release|x86.ActiveCfg = Release|Any CPU
		{8B02E288-C53A-42AB-A1AD-A442B0D0E0D9}.Debug|Any CPU.ActiveCfg = Debug|Any CPU
		{8B02E288-C53A-42AB-A1AD-A442B0D0E0D9}.Debug|Any CPU.Build.0 = Debug|Any CPU
		{8B02E288-C53A-42AB-A1AD-A442B0D0E0D9}.Debug|Mixed Platforms.ActiveCfg = Debug|Any CPU
		{8B02E288-C53A-42AB-A1AD-A442B0D0E0D9}.Debug|Mixed Platforms.Build.0 = Debug|Any CPU
		{8B02E288-C53A-42AB-A1AD-A442B0D0E0D9}.Debug|x64.ActiveCfg = Debug|Any CPU
		{8B02E288-C53A-42AB-A1AD-A442B0D0E0D9}.Debug|x86.ActiveCfg = Debug|Any CPU
		{8B02E288-C53A-42AB-A1AD-A442B0D0E0D9}.Release|Any CPU.ActiveCfg = Release|Any CPU
		{8B02E288-C53A-42AB-A1AD-A442B0D0E0D9}.Release|Any CPU.Build.0 = Release|Any CPU
		{8B02E288-C53A-42AB-A1AD-A442B0D0E0D9}.Release|Mixed Platforms.ActiveCfg = Release|Any CPU
		{8B02E288-C53A-42AB-A1AD-A442B0D0E0D9}.Release|Mixed Platforms.Build.0 = Release|Any CPU
		{8B02E288-C53A-42AB-A1AD-A442B0D0E0D9}.Release|Mixed Platforms.Deploy.0 = Release|Any CPU
		{8B02E288-C53A-42AB-A1AD-A442B0D0E0D9}.Release|x64.ActiveCfg = Release|Any CPU
		{8B02E288-C53A-42AB-A1AD-A442B0D0E0D9}.Release|x86.ActiveCfg = Release|Any CPU
		{A501AEFB-6BA7-47AC-8384-C2BD54C66B5F}.Debug|Any CPU.ActiveCfg = Debug|Any CPU
		{A501AEFB-6BA7-47AC-8384-C2BD54C66B5F}.Debug|Any CPU.Build.0 = Debug|Any CPU
		{A501AEFB-6BA7-47AC-8384-C2BD54C66B5F}.Debug|Mixed Platforms.ActiveCfg = Debug|Any CPU
		{A501AEFB-6BA7-47AC-8384-C2BD54C66B5F}.Debug|Mixed Platforms.Build.0 = Debug|Any CPU
		{A501AEFB-6BA7-47AC-8384-C2BD54C66B5F}.Debug|x64.ActiveCfg = Debug|x86
		{A501AEFB-6BA7-47AC-8384-C2BD54C66B5F}.Debug|x86.ActiveCfg = Debug|x86
		{A501AEFB-6BA7-47AC-8384-C2BD54C66B5F}.Debug|x86.Build.0 = Debug|x86
		{A501AEFB-6BA7-47AC-8384-C2BD54C66B5F}.Release|Any CPU.ActiveCfg = Release|x86
		{A501AEFB-6BA7-47AC-8384-C2BD54C66B5F}.Release|Any CPU.Build.0 = Release|x86
		{A501AEFB-6BA7-47AC-8384-C2BD54C66B5F}.Release|Mixed Platforms.ActiveCfg = Release|Any CPU
		{A501AEFB-6BA7-47AC-8384-C2BD54C66B5F}.Release|Mixed Platforms.Build.0 = Release|Any CPU
		{A501AEFB-6BA7-47AC-8384-C2BD54C66B5F}.Release|x64.ActiveCfg = Release|x64
		{A501AEFB-6BA7-47AC-8384-C2BD54C66B5F}.Release|x64.Build.0 = Release|x64
		{A501AEFB-6BA7-47AC-8384-C2BD54C66B5F}.Release|x86.ActiveCfg = Release|x86
		{A501AEFB-6BA7-47AC-8384-C2BD54C66B5F}.Release|x86.Build.0 = Release|x86
		{E255433E-B063-4705-81BA-2CDE9DDF353B}.Debug|Any CPU.ActiveCfg = Debug|Any CPU
		{E255433E-B063-4705-81BA-2CDE9DDF353B}.Debug|Any CPU.Build.0 = Debug|Any CPU
		{E255433E-B063-4705-81BA-2CDE9DDF353B}.Debug|Mixed Platforms.ActiveCfg = Debug|x86
		{E255433E-B063-4705-81BA-2CDE9DDF353B}.Debug|Mixed Platforms.Build.0 = Debug|x86
		{E255433E-B063-4705-81BA-2CDE9DDF353B}.Debug|x64.ActiveCfg = Debug|x86
		{E255433E-B063-4705-81BA-2CDE9DDF353B}.Debug|x86.ActiveCfg = Debug|x86
		{E255433E-B063-4705-81BA-2CDE9DDF353B}.Debug|x86.Build.0 = Debug|x86
		{E255433E-B063-4705-81BA-2CDE9DDF353B}.Release|Any CPU.ActiveCfg = Release|x86
		{E255433E-B063-4705-81BA-2CDE9DDF353B}.Release|Any CPU.Build.0 = Release|x86
		{E255433E-B063-4705-81BA-2CDE9DDF353B}.Release|Mixed Platforms.ActiveCfg = Release|x86
		{E255433E-B063-4705-81BA-2CDE9DDF353B}.Release|Mixed Platforms.Build.0 = Release|x86
		{E255433E-B063-4705-81BA-2CDE9DDF353B}.Release|x64.ActiveCfg = Release|x64
		{E255433E-B063-4705-81BA-2CDE9DDF353B}.Release|x64.Build.0 = Release|x64
		{E255433E-B063-4705-81BA-2CDE9DDF353B}.Release|x86.ActiveCfg = Release|x86
		{E255433E-B063-4705-81BA-2CDE9DDF353B}.Release|x86.Build.0 = Release|x86
		{871DD08B-3033-4E06-B84A-F460CA931CB0}.Debug|Any CPU.ActiveCfg = Debug|Any CPU
		{871DD08B-3033-4E06-B84A-F460CA931CB0}.Debug|Any CPU.Build.0 = Debug|Any CPU
		{871DD08B-3033-4E06-B84A-F460CA931CB0}.Debug|Mixed Platforms.ActiveCfg = Debug|Any CPU
		{871DD08B-3033-4E06-B84A-F460CA931CB0}.Debug|Mixed Platforms.Build.0 = Debug|Any CPU
		{871DD08B-3033-4E06-B84A-F460CA931CB0}.Debug|x64.ActiveCfg = Debug|Any CPU
		{871DD08B-3033-4E06-B84A-F460CA931CB0}.Debug|x86.ActiveCfg = Debug|Any CPU
		{871DD08B-3033-4E06-B84A-F460CA931CB0}.Release|Any CPU.ActiveCfg = Release|Any CPU
		{871DD08B-3033-4E06-B84A-F460CA931CB0}.Release|Any CPU.Build.0 = Release|Any CPU
		{871DD08B-3033-4E06-B84A-F460CA931CB0}.Release|Mixed Platforms.ActiveCfg = Release|Any CPU
		{871DD08B-3033-4E06-B84A-F460CA931CB0}.Release|Mixed Platforms.Build.0 = Release|Any CPU
		{871DD08B-3033-4E06-B84A-F460CA931CB0}.Release|Mixed Platforms.Deploy.0 = Release|Any CPU
		{871DD08B-3033-4E06-B84A-F460CA931CB0}.Release|x64.ActiveCfg = Release|Any CPU
		{871DD08B-3033-4E06-B84A-F460CA931CB0}.Release|x86.ActiveCfg = Release|Any CPU
		{0B4A45BB-262C-4E18-830A-0EA8B6B58FB9}.Debug|Any CPU.ActiveCfg = Debug|Any CPU
		{0B4A45BB-262C-4E18-830A-0EA8B6B58FB9}.Debug|Any CPU.Build.0 = Debug|Any CPU
		{0B4A45BB-262C-4E18-830A-0EA8B6B58FB9}.Debug|Mixed Platforms.ActiveCfg = Debug|Any CPU
		{0B4A45BB-262C-4E18-830A-0EA8B6B58FB9}.Debug|Mixed Platforms.Build.0 = Debug|Any CPU
		{0B4A45BB-262C-4E18-830A-0EA8B6B58FB9}.Debug|x64.ActiveCfg = Debug|Any CPU
		{0B4A45BB-262C-4E18-830A-0EA8B6B58FB9}.Debug|x86.ActiveCfg = Debug|Any CPU
		{0B4A45BB-262C-4E18-830A-0EA8B6B58FB9}.Release|Any CPU.ActiveCfg = Release|Any CPU
		{0B4A45BB-262C-4E18-830A-0EA8B6B58FB9}.Release|Any CPU.Build.0 = Release|Any CPU
		{0B4A45BB-262C-4E18-830A-0EA8B6B58FB9}.Release|Mixed Platforms.ActiveCfg = Release|Any CPU
		{0B4A45BB-262C-4E18-830A-0EA8B6B58FB9}.Release|Mixed Platforms.Build.0 = Release|Any CPU
		{0B4A45BB-262C-4E18-830A-0EA8B6B58FB9}.Release|x64.ActiveCfg = Release|x64
		{0B4A45BB-262C-4E18-830A-0EA8B6B58FB9}.Release|x64.Build.0 = Release|x64
		{0B4A45BB-262C-4E18-830A-0EA8B6B58FB9}.Release|x86.ActiveCfg = Release|Any CPU
		{BC7DF30A-3F39-402E-9B06-C9AE1E0537F4}.Debug|Any CPU.ActiveCfg = Debug|Any CPU
		{BC7DF30A-3F39-402E-9B06-C9AE1E0537F4}.Debug|Any CPU.Build.0 = Debug|Any CPU
		{BC7DF30A-3F39-402E-9B06-C9AE1E0537F4}.Debug|Mixed Platforms.ActiveCfg = Debug|Any CPU
		{BC7DF30A-3F39-402E-9B06-C9AE1E0537F4}.Debug|Mixed Platforms.Build.0 = Debug|Any CPU
		{BC7DF30A-3F39-402E-9B06-C9AE1E0537F4}.Debug|x64.ActiveCfg = Debug|Any CPU
		{BC7DF30A-3F39-402E-9B06-C9AE1E0537F4}.Debug|x86.ActiveCfg = Debug|Any CPU
		{BC7DF30A-3F39-402E-9B06-C9AE1E0537F4}.Release|Any CPU.ActiveCfg = Release|Any CPU
		{BC7DF30A-3F39-402E-9B06-C9AE1E0537F4}.Release|Any CPU.Build.0 = Release|Any CPU
		{BC7DF30A-3F39-402E-9B06-C9AE1E0537F4}.Release|Mixed Platforms.ActiveCfg = Release|Any CPU
		{BC7DF30A-3F39-402E-9B06-C9AE1E0537F4}.Release|Mixed Platforms.Build.0 = Release|Any CPU
		{BC7DF30A-3F39-402E-9B06-C9AE1E0537F4}.Release|x64.ActiveCfg = Release|x64
		{BC7DF30A-3F39-402E-9B06-C9AE1E0537F4}.Release|x64.Build.0 = Release|x64
		{BC7DF30A-3F39-402E-9B06-C9AE1E0537F4}.Release|x64.Deploy.0 = Release|x64
		{BC7DF30A-3F39-402E-9B06-C9AE1E0537F4}.Release|x86.ActiveCfg = Release|Any CPU
		{7AF9C954-7619-46A5-AB43-7F724FB9ACF8}.Debug|Any CPU.ActiveCfg = Debug|Any CPU
		{7AF9C954-7619-46A5-AB43-7F724FB9ACF8}.Debug|Any CPU.Build.0 = Debug|Any CPU
		{7AF9C954-7619-46A5-AB43-7F724FB9ACF8}.Debug|Mixed Platforms.ActiveCfg = Debug|Any CPU
		{7AF9C954-7619-46A5-AB43-7F724FB9ACF8}.Debug|Mixed Platforms.Build.0 = Debug|Any CPU
		{7AF9C954-7619-46A5-AB43-7F724FB9ACF8}.Debug|Mixed Platforms.Deploy.0 = Debug|Any CPU
		{7AF9C954-7619-46A5-AB43-7F724FB9ACF8}.Debug|x64.ActiveCfg = Debug|Any CPU
		{7AF9C954-7619-46A5-AB43-7F724FB9ACF8}.Debug|x86.ActiveCfg = Debug|Any CPU
		{7AF9C954-7619-46A5-AB43-7F724FB9ACF8}.Release|Any CPU.ActiveCfg = Release|Any CPU
		{7AF9C954-7619-46A5-AB43-7F724FB9ACF8}.Release|Any CPU.Build.0 = Release|Any CPU
		{7AF9C954-7619-46A5-AB43-7F724FB9ACF8}.Release|Mixed Platforms.ActiveCfg = Release|Any CPU
		{7AF9C954-7619-46A5-AB43-7F724FB9ACF8}.Release|Mixed Platforms.Build.0 = Release|Any CPU
		{7AF9C954-7619-46A5-AB43-7F724FB9ACF8}.Release|Mixed Platforms.Deploy.0 = Release|Any CPU
		{7AF9C954-7619-46A5-AB43-7F724FB9ACF8}.Release|x64.ActiveCfg = Release|Any CPU
		{7AF9C954-7619-46A5-AB43-7F724FB9ACF8}.Release|x86.ActiveCfg = Release|Any CPU
		{D1182D81-3E17-441B-82E7-97AEBF9B8879}.Debug|Any CPU.ActiveCfg = Debug|Any CPU
		{D1182D81-3E17-441B-82E7-97AEBF9B8879}.Debug|Any CPU.Build.0 = Debug|Any CPU
		{D1182D81-3E17-441B-82E7-97AEBF9B8879}.Debug|Mixed Platforms.ActiveCfg = Debug|Any CPU
		{D1182D81-3E17-441B-82E7-97AEBF9B8879}.Debug|Mixed Platforms.Build.0 = Debug|Any CPU
		{D1182D81-3E17-441B-82E7-97AEBF9B8879}.Debug|x64.ActiveCfg = Debug|x64
		{D1182D81-3E17-441B-82E7-97AEBF9B8879}.Debug|x64.Build.0 = Debug|x64
		{D1182D81-3E17-441B-82E7-97AEBF9B8879}.Debug|x86.ActiveCfg = Debug|Any CPU
		{D1182D81-3E17-441B-82E7-97AEBF9B8879}.Release|Any CPU.ActiveCfg = Release|Any CPU
		{D1182D81-3E17-441B-82E7-97AEBF9B8879}.Release|Any CPU.Build.0 = Release|Any CPU
		{D1182D81-3E17-441B-82E7-97AEBF9B8879}.Release|Mixed Platforms.ActiveCfg = Release|Any CPU
		{D1182D81-3E17-441B-82E7-97AEBF9B8879}.Release|Mixed Platforms.Build.0 = Release|Any CPU
		{D1182D81-3E17-441B-82E7-97AEBF9B8879}.Release|x64.ActiveCfg = Release|x64
		{D1182D81-3E17-441B-82E7-97AEBF9B8879}.Release|x64.Build.0 = Release|x64
		{D1182D81-3E17-441B-82E7-97AEBF9B8879}.Release|x86.ActiveCfg = Release|Any CPU
		{6C250826-A52A-4B4D-97CF-070D4E91C29F}.Debug|Any CPU.ActiveCfg = Debug|Any CPU
		{6C250826-A52A-4B4D-97CF-070D4E91C29F}.Debug|Any CPU.Build.0 = Debug|Any CPU
		{6C250826-A52A-4B4D-97CF-070D4E91C29F}.Debug|Mixed Platforms.ActiveCfg = Debug|Any CPU
		{6C250826-A52A-4B4D-97CF-070D4E91C29F}.Debug|Mixed Platforms.Build.0 = Debug|Any CPU
		{6C250826-A52A-4B4D-97CF-070D4E91C29F}.Debug|x64.ActiveCfg = Debug|x64
		{6C250826-A52A-4B4D-97CF-070D4E91C29F}.Debug|x64.Build.0 = Debug|x64
		{6C250826-A52A-4B4D-97CF-070D4E91C29F}.Debug|x86.ActiveCfg = Debug|Any CPU
		{6C250826-A52A-4B4D-97CF-070D4E91C29F}.Release|Any CPU.ActiveCfg = Release|Any CPU
		{6C250826-A52A-4B4D-97CF-070D4E91C29F}.Release|Any CPU.Build.0 = Release|Any CPU
		{6C250826-A52A-4B4D-97CF-070D4E91C29F}.Release|Mixed Platforms.ActiveCfg = Release|Any CPU
		{6C250826-A52A-4B4D-97CF-070D4E91C29F}.Release|Mixed Platforms.Build.0 = Release|Any CPU
		{6C250826-A52A-4B4D-97CF-070D4E91C29F}.Release|x64.ActiveCfg = Release|x64
		{6C250826-A52A-4B4D-97CF-070D4E91C29F}.Release|x64.Build.0 = Release|x64
		{6C250826-A52A-4B4D-97CF-070D4E91C29F}.Release|x86.ActiveCfg = Release|Any CPU
		{D8B84EA1-5BF1-4B8F-B1C6-39269F0A4751}.Debug|Any CPU.ActiveCfg = Debug|Any CPU
		{D8B84EA1-5BF1-4B8F-B1C6-39269F0A4751}.Debug|Any CPU.Build.0 = Debug|Any CPU
		{D8B84EA1-5BF1-4B8F-B1C6-39269F0A4751}.Debug|Mixed Platforms.ActiveCfg = Debug|Any CPU
		{D8B84EA1-5BF1-4B8F-B1C6-39269F0A4751}.Debug|Mixed Platforms.Build.0 = Debug|Any CPU
		{D8B84EA1-5BF1-4B8F-B1C6-39269F0A4751}.Debug|x64.ActiveCfg = Debug|x64
		{D8B84EA1-5BF1-4B8F-B1C6-39269F0A4751}.Debug|x86.ActiveCfg = Debug|x86
		{D8B84EA1-5BF1-4B8F-B1C6-39269F0A4751}.Debug|x86.Build.0 = Debug|x86
		{D8B84EA1-5BF1-4B8F-B1C6-39269F0A4751}.Release|Any CPU.ActiveCfg = Release|Any CPU
		{D8B84EA1-5BF1-4B8F-B1C6-39269F0A4751}.Release|Any CPU.Build.0 = Release|Any CPU
		{D8B84EA1-5BF1-4B8F-B1C6-39269F0A4751}.Release|Mixed Platforms.ActiveCfg = Release|Any CPU
		{D8B84EA1-5BF1-4B8F-B1C6-39269F0A4751}.Release|Mixed Platforms.Build.0 = Release|Any CPU
		{D8B84EA1-5BF1-4B8F-B1C6-39269F0A4751}.Release|x64.ActiveCfg = Release|x64
		{D8B84EA1-5BF1-4B8F-B1C6-39269F0A4751}.Release|x64.Build.0 = Release|x64
		{D8B84EA1-5BF1-4B8F-B1C6-39269F0A4751}.Release|x86.ActiveCfg = Release|x86
		{D8B84EA1-5BF1-4B8F-B1C6-39269F0A4751}.Release|x86.Build.0 = Release|x86
		{F6557D20-5328-48AB-BB0B-428A56E1AC6E}.Debug|Any CPU.ActiveCfg = Debug|Any CPU
		{F6557D20-5328-48AB-BB0B-428A56E1AC6E}.Debug|Any CPU.Build.0 = Debug|Any CPU
		{F6557D20-5328-48AB-BB0B-428A56E1AC6E}.Debug|Mixed Platforms.ActiveCfg = Debug|Any CPU
		{F6557D20-5328-48AB-BB0B-428A56E1AC6E}.Debug|Mixed Platforms.Build.0 = Debug|Any CPU
		{F6557D20-5328-48AB-BB0B-428A56E1AC6E}.Debug|x64.ActiveCfg = Debug|Any CPU
		{F6557D20-5328-48AB-BB0B-428A56E1AC6E}.Debug|x86.ActiveCfg = Debug|Any CPU
		{F6557D20-5328-48AB-BB0B-428A56E1AC6E}.Release|Any CPU.ActiveCfg = Release|Any CPU
		{F6557D20-5328-48AB-BB0B-428A56E1AC6E}.Release|Any CPU.Build.0 = Release|Any CPU
		{F6557D20-5328-48AB-BB0B-428A56E1AC6E}.Release|Mixed Platforms.ActiveCfg = Release|Any CPU
		{F6557D20-5328-48AB-BB0B-428A56E1AC6E}.Release|Mixed Platforms.Build.0 = Release|Any CPU
		{F6557D20-5328-48AB-BB0B-428A56E1AC6E}.Release|x64.ActiveCfg = Release|x64
		{F6557D20-5328-48AB-BB0B-428A56E1AC6E}.Release|x64.Build.0 = Release|x64
		{F6557D20-5328-48AB-BB0B-428A56E1AC6E}.Release|x86.ActiveCfg = Release|Any CPU
		{A74ACAF0-5C62-49F6-BAF2-C78595F1395F}.Debug|Any CPU.ActiveCfg = Debug|x86
		{A74ACAF0-5C62-49F6-BAF2-C78595F1395F}.Debug|Mixed Platforms.ActiveCfg = Debug|x86
		{A74ACAF0-5C62-49F6-BAF2-C78595F1395F}.Debug|Mixed Platforms.Build.0 = Debug|x86
		{A74ACAF0-5C62-49F6-BAF2-C78595F1395F}.Debug|x64.ActiveCfg = Debug|x64
		{A74ACAF0-5C62-49F6-BAF2-C78595F1395F}.Debug|x86.ActiveCfg = Debug|x86
		{A74ACAF0-5C62-49F6-BAF2-C78595F1395F}.Debug|x86.Build.0 = Debug|x86
		{A74ACAF0-5C62-49F6-BAF2-C78595F1395F}.Release|Any CPU.ActiveCfg = Release|x86
		{A74ACAF0-5C62-49F6-BAF2-C78595F1395F}.Release|Mixed Platforms.ActiveCfg = Release|x86
		{A74ACAF0-5C62-49F6-BAF2-C78595F1395F}.Release|Mixed Platforms.Build.0 = Release|x86
		{A74ACAF0-5C62-49F6-BAF2-C78595F1395F}.Release|x64.ActiveCfg = Release|x64
		{A74ACAF0-5C62-49F6-BAF2-C78595F1395F}.Release|x64.Build.0 = Release|x64
		{A74ACAF0-5C62-49F6-BAF2-C78595F1395F}.Release|x86.ActiveCfg = Release|x86
		{A74ACAF0-5C62-49F6-BAF2-C78595F1395F}.Release|x86.Build.0 = Release|x86
	EndGlobalSection
	GlobalSection(SolutionProperties) = preSolution
		HideSolutionNode = FALSE
	EndGlobalSection
	GlobalSection(NestedProjects) = preSolution
		{67CBC824-A49E-4E9B-A947-360F3DFE65C3} = {71E00B3B-28A2-4936-A820-A75EEF0D1ACC}
		{A27682BA-20DF-45CA-A5F3-8312813F6AF7} = {71E00B3B-28A2-4936-A820-A75EEF0D1ACC}
		{B3C1B568-5AD2-4E08-9F3F-B5404B43AE42} = {71E00B3B-28A2-4936-A820-A75EEF0D1ACC}
		{A3A80826-066D-4519-9D2A-C00E01243E6E} = {71E00B3B-28A2-4936-A820-A75EEF0D1ACC}
		{3CD3DD00-0645-4A75-8327-223928FC38E8} = {71E00B3B-28A2-4936-A820-A75EEF0D1ACC}
		{4C44C586-793D-40FE-8758-ED302EC3A4AB} = {71E00B3B-28A2-4936-A820-A75EEF0D1ACC}
		{8B02E288-C53A-42AB-A1AD-A442B0D0E0D9} = {71E00B3B-28A2-4936-A820-A75EEF0D1ACC}
		{871DD08B-3033-4E06-B84A-F460CA931CB0} = {71E00B3B-28A2-4936-A820-A75EEF0D1ACC}
		{7AF9C954-7619-46A5-AB43-7F724FB9ACF8} = {71E00B3B-28A2-4936-A820-A75EEF0D1ACC}
		{93F2EFB5-C38A-4B58-A4A4-F68F581DF7CB} = {4E383902-F12F-4CD6-B357-1FDFB189A010}
		{6E4B9146-D44D-47B0-A9CA-82381D7E44E6} = {CBE60C81-9B98-4D58-A5C8-8C825786AAB2}
		{3FABC032-056D-46DD-A89D-C496B8FC3596} = {CBE60C81-9B98-4D58-A5C8-8C825786AAB2}
		{66D44518-5380-4621-AA03-E95DBC0FD17E} = {CBE60C81-9B98-4D58-A5C8-8C825786AAB2}
		{E77D2C1D-4109-4DE2-A975-D16CD8CFE321} = {CBE60C81-9B98-4D58-A5C8-8C825786AAB2}
		{A44D6C6D-4331-4D1B-BB59-7CB532A0C4AD} = {CBE60C81-9B98-4D58-A5C8-8C825786AAB2}
		{FF72ADBF-A2A2-4DF5-8C0B-2C76A9E43702} = {CBE60C81-9B98-4D58-A5C8-8C825786AAB2}
		{5E3130AD-56FE-4936-B21D-DFF70EF48960} = {3FABC032-056D-46DD-A89D-C496B8FC3596}
		{280E29DE-E83B-4F66-A06C-EAACF5CFA35F} = {D32F4122-8FE7-4B4F-AE00-5F65150BA82F}
		{39AF0D89-8315-4E6A-8287-A21CBC9C4CD6} = {D32F4122-8FE7-4B4F-AE00-5F65150BA82F}
		{A501AEFB-6BA7-47AC-8384-C2BD54C66B5F} = {D32F4122-8FE7-4B4F-AE00-5F65150BA82F}
		{E255433E-B063-4705-81BA-2CDE9DDF353B} = {D32F4122-8FE7-4B4F-AE00-5F65150BA82F}
	EndGlobalSection
EndGlobal
